// !$*UTF8*$!
{
	archiveVersion = 1;
	classes = {
	};
	objectVersion = 50;
	objects = {

/* Begin PBXBuildFile section */
		DD0000000000000000000002 /* RecipeSnapshot.swift in Sources */ = {isa = PBXBuildFile; fileRef = DD0000000000000000000001 /* RecipeSnapshot.swift */; };
		DD0000000000000000000004 /* RecipeDiff.swift in Sources */ = {isa = PBXBuildFile; fileRef = DD0000000000000000000003 /* RecipeDiff.swift */; };
		DD0000000000000000000006 /* HistoryEntry.swift in Sources */ = {isa = PBXBuildFile; fileRef = DD0000000000000000000005 /* HistoryEntry.swift */; };
		DD0000000000000000000008 /* HistoryEntryConverter.swift in Sources */ = {isa = PBXBuildFile; fileRef = DD0000000000000000000007 /* HistoryEntryConverter.swift */; };
		DD0000000000000000000010 /* CalculatorOverrides.swift in Sources */ = {isa = PBXBuildFile; fileRef = DD0000000000000000000009 /* CalculatorOverrides.swift */; };
		DD0000000000000000000012 /* HistoryWriter.swift in Sources */ = {isa = PBXBuildFile; fileRef = DD0000000000000000000011 /* HistoryWriter.swift */; };
		DD0000000000000000000014 /* RecipeHistoryView.swift in Sources */ = {isa = PBXBuildFile; fileRef = DD0000000000000000000013 /* RecipeHistoryView.swift */; };
		DD0000000000000000000016 /* RecipeDiffTests.swift in Sources */ = {isa = PBXBuildFile; fileRef = DD0000000000000000000015 /* RecipeDiffTests.swift */; };
		DD0000000000000000000018 /* RecipeHistoryUITests.swift in Sources */ = {isa = PBXBuildFile; fileRef = DD0000000000000000000017 /* RecipeHistoryUITests.swift */; };
		DD0000000000000000000020 /* CoreDataMigrationTests.swift in Sources */ = {isa = PBXBuildFile; fileRef = DD0000000000000000000019 /* CoreDataMigrationTests.swift */; };
		3FD1800DB04184845AC60A3F /* CalculatedRecipeView.swift in Sources */ = {isa = PBXBuildFile; fileRef = B31864D344883DD71A807B7C /* CalculatedRecipeView.swift */; };
		6FFC277DF945E4E8632C1095 /* SettingsView.swift in Sources */ = {isa = PBXBuildFile; fileRef = 36E8F59880EE98064C4AD020 /* SettingsView.swift */; };
		73D001FFB0DEE3BBDB2BFEF3 /* RecipeStore.swift in Sources */ = {isa = PBXBuildFile; fileRef = 39CC5426652CEF6C8DF863BB /* RecipeStore.swift */; };
		7D5BAD3319FBC2BBE8A0812A /* CalculatorView.swift in Sources */ = {isa = PBXBuildFile; fileRef = AC478C29AFD50FC6F4F02412 /* CalculatorView.swift */; };
		AA0000000000000000000006 /* UITestSupport.swift in Sources */ = {isa = PBXBuildFile; fileRef = AA0000000000000000000002 /* UITestSupport.swift */; };
		AA0000000000000000000007 /* RecipeCreationUITests.swift in Sources */ = {isa = PBXBuildFile; fileRef = AA0000000000000000000003 /* RecipeCreationUITests.swift */; };
		AA0000000000000000000008 /* RecipeEditUITests.swift in Sources */ = {isa = PBXBuildFile; fileRef = AA0000000000000000000004 /* RecipeEditUITests.swift */; };
		AA0000000000000000000014 /* RecipeDataIntegrityUITests.swift in Sources */ = {isa = PBXBuildFile; fileRef = AA0000000000000000000013 /* RecipeDataIntegrityUITests.swift */; };
		AA0000000000000000000016 /* RecipeCalculatorUITests.swift in Sources */ = {isa = PBXBuildFile; fileRef = AA0000000000000000000015 /* RecipeCalculatorUITests.swift */; };
		BB06F1732425F5F0001A03AD /* ObjectFactory.swift in Sources */ = {isa = PBXBuildFile; fileRef = BB06F1722425F5F0001A03AD /* ObjectFactory.swift */; };
		BB06F1752425F681001A03AD /* CoreDataGateway.swift in Sources */ = {isa = PBXBuildFile; fileRef = BB06F1742425F681001A03AD /* CoreDataGateway.swift */; };
		BB06F1772425FAE6001A03AD /* RecipeReader.swift in Sources */ = {isa = PBXBuildFile; fileRef = BB06F1762425FAE6001A03AD /* RecipeReader.swift */; };
		BB30DED02425B83E00BFD472 /* AppDelegate.swift in Sources */ = {isa = PBXBuildFile; fileRef = BB30DECF2425B83E00BFD472 /* AppDelegate.swift */; };
		BB30DED22425B83E00BFD472 /* SceneDelegate.swift in Sources */ = {isa = PBXBuildFile; fileRef = BB30DED12425B83E00BFD472 /* SceneDelegate.swift */; };
		BB30DED42425B83E00BFD472 /* CalculatorViewController.swift in Sources */ = {isa = PBXBuildFile; fileRef = BB30DED32425B83E00BFD472 /* CalculatorViewController.swift */; };
		BB30DED72425B83E00BFD472 /* Main.storyboard in Resources */ = {isa = PBXBuildFile; fileRef = BB30DED52425B83E00BFD472 /* Main.storyboard */; };
		BB30DEDA2425B83E00BFD472 /* Doughy.xcdatamodeld in Sources */ = {isa = PBXBuildFile; fileRef = BB30DED82425B83E00BFD472 /* Doughy.xcdatamodeld */; };
		BB30DEDC2425B83F00BFD472 /* Assets.xcassets in Resources */ = {isa = PBXBuildFile; fileRef = BB30DEDB2425B83F00BFD472 /* Assets.xcassets */; };
		BB30DEDF2425B83F00BFD472 /* LaunchScreen.storyboard in Resources */ = {isa = PBXBuildFile; fileRef = BB30DEDD2425B83F00BFD472 /* LaunchScreen.storyboard */; };
		BB30DEEA2425B83F00BFD472 /* Recipe_HelperTests.swift in Sources */ = {isa = PBXBuildFile; fileRef = BB30DEE92425B83F00BFD472 /* Recipe_HelperTests.swift */; };
		BB30DEF72425BD2900BFD472 /* RecipeWriter.swift in Sources */ = {isa = PBXBuildFile; fileRef = BB30DEF62425BD2900BFD472 /* RecipeWriter.swift */; };
		BB30DEFA2425C05B00BFD472 /* PercentRow.swift in Sources */ = {isa = PBXBuildFile; fileRef = BB30DEF92425C05B00BFD472 /* PercentRow.swift */; };
		BB30DEFD2425D24900BFD472 /* Calculator.swift in Sources */ = {isa = PBXBuildFile; fileRef = BB30DEFC2425D24900BFD472 /* Calculator.swift */; };
		BB30DEFF2425E1B700BFD472 /* Measurements.swift in Sources */ = {isa = PBXBuildFile; fileRef = BB30DEFE2425E1B700BFD472 /* Measurements.swift */; };
		BB30DF012425EBA000BFD472 /* AllRecipesTableViewController.swift in Sources */ = {isa = PBXBuildFile; fileRef = BB30DF002425EBA000BFD472 /* AllRecipesTableViewController.swift */; };
		BB30DF042425EBE900BFD472 /* RecipeDetailCell.swift in Sources */ = {isa = PBXBuildFile; fileRef = BB30DF032425EBE900BFD472 /* RecipeDetailCell.swift */; };
		BB30DF062425EC0E00BFD472 /* RecipeViewModel.swift in Sources */ = {isa = PBXBuildFile; fileRef = BB30DF052425EC0E00BFD472 /* RecipeViewModel.swift */; };
		BB30DF092425EC3000BFD472 /* Settings.swift in Sources */ = {isa = PBXBuildFile; fileRef = BB30DF082425EC3000BFD472 /* Settings.swift */; };
		BB30DF0B2425ECFB00BFD472 /* RecipeCollection.swift in Sources */ = {isa = PBXBuildFile; fileRef = BB30DF0A2425ECFB00BFD472 /* RecipeCollection.swift */; };
		BB45FCF1243444170077C3F8 /* AddInstructionsAltViewController.swift in Sources */ = {isa = PBXBuildFile; fileRef = BB45FCF0243444170077C3F8 /* AddInstructionsAltViewController.swift */; };
		BB45FCF4243444940077C3F8 /* TextViewTableViewCell.swift in Sources */ = {isa = PBXBuildFile; fileRef = BB45FCF3243444940077C3F8 /* TextViewTableViewCell.swift */; };
		BB4AA19E24275659002BB9A8 /* CalculatedRecipeCellFactory.swift in Sources */ = {isa = PBXBuildFile; fileRef = BB4AA19D24275659002BB9A8 /* CalculatedRecipeCellFactory.swift */; };
		BB4AA1A0242821FB002BB9A8 /* InstructionListCell.swift in Sources */ = {isa = PBXBuildFile; fileRef = BB4AA19F242821FB002BB9A8 /* InstructionListCell.swift */; };
		BB4AA1A224282A66002BB9A8 /* IngredientListCell.swift in Sources */ = {isa = PBXBuildFile; fileRef = BB4AA1A124282A66002BB9A8 /* IngredientListCell.swift */; };
		BB59156E2979247A00903D14 /* Color.swift in Sources */ = {isa = PBXBuildFile; fileRef = BB59156D2979247A00903D14 /* Color.swift */; };
		BB6152122425FD06006CB854 /* DefaultRecipeFactory.swift in Sources */ = {isa = PBXBuildFile; fileRef = BB6152112425FD06006CB854 /* DefaultRecipeFactory.swift */; };
		BB61521424274B50006CB854 /* ShowCalculatedRecipeBaseViewController.swift in Sources */ = {isa = PBXBuildFile; fileRef = BB61521324274B50006CB854 /* ShowCalculatedRecipeBaseViewController.swift */; };
		BB70410524344C9500933C08 /* AddStepCell.swift in Sources */ = {isa = PBXBuildFile; fileRef = BB70410424344C9500933C08 /* AddStepCell.swift */; };
		BBC6847C24305A5000CE2157 /* PrefermentListCell.swift in Sources */ = {isa = PBXBuildFile; fileRef = BBC6847B24305A5000CE2157 /* PrefermentListCell.swift */; };
		BBD2641A24306F9300DF8987 /* PrefermentCell.swift in Sources */ = {isa = PBXBuildFile; fileRef = BBD2641924306F9200DF8987 /* PrefermentCell.swift */; };
		BBD2641C2430704000DF8987 /* IngredientCell.swift in Sources */ = {isa = PBXBuildFile; fileRef = BBD2641B2430704000DF8987 /* IngredientCell.swift */; };
		BBD2641E2430820E00DF8987 /* IngredientWithPrefermentListCell.swift in Sources */ = {isa = PBXBuildFile; fileRef = BBD2641D2430820E00DF8987 /* IngredientWithPrefermentListCell.swift */; };
		BBD264202430822D00DF8987 /* IngredientWithPrefermentCellTableViewCell.swift in Sources */ = {isa = PBXBuildFile; fileRef = BBD2641F2430822D00DF8987 /* IngredientWithPrefermentCellTableViewCell.swift */; };
		BBD264222431241500DF8987 /* PercentFormatter.swift in Sources */ = {isa = PBXBuildFile; fileRef = BBD264212431241500DF8987 /* PercentFormatter.swift */; };
		BBD2642424312FDD00DF8987 /* WeightFormatter.swift in Sources */ = {isa = PBXBuildFile; fileRef = BBD2642324312FDD00DF8987 /* WeightFormatter.swift */; };
		BBD26426243139C600DF8987 /* WeightRow.swift in Sources */ = {isa = PBXBuildFile; fileRef = BBD26425243139C600DF8987 /* WeightRow.swift */; };
		BBD2642824313A9E00DF8987 /* TemperatureRow.swift in Sources */ = {isa = PBXBuildFile; fileRef = BBD2642724313A9E00DF8987 /* TemperatureRow.swift */; };
		BBD2642A24313B6E00DF8987 /* TemperatureFormatter.swift in Sources */ = {isa = PBXBuildFile; fileRef = BBD2642924313B6E00DF8987 /* TemperatureFormatter.swift */; };
		BBD2642D2431487700DF8987 /* CreateRecipeViewController.swift in Sources */ = {isa = PBXBuildFile; fileRef = BBD2642C2431487700DF8987 /* CreateRecipeViewController.swift */; };
		BBD2642F24314CBE00DF8987 /* RecipeBuilder.swift in Sources */ = {isa = PBXBuildFile; fileRef = BBD2642E24314CBE00DF8987 /* RecipeBuilder.swift */; };
		BBD2643124314CD500DF8987 /* CreateRecipeNavigationController.swift in Sources */ = {isa = PBXBuildFile; fileRef = BBD2643024314CD500DF8987 /* CreateRecipeNavigationController.swift */; };
		BBD2643324314D6500DF8987 /* AlertViewHelper.swift in Sources */ = {isa = PBXBuildFile; fileRef = BBD2643224314D6500DF8987 /* AlertViewHelper.swift */; };
		BBD264352431520500DF8987 /* RecipePredicates.swift in Sources */ = {isa = PBXBuildFile; fileRef = BBD264342431520500DF8987 /* RecipePredicates.swift */; };
		BBD264372431536000DF8987 /* AddFlourViewController.swift in Sources */ = {isa = PBXBuildFile; fileRef = BBD264362431536000DF8987 /* AddFlourViewController.swift */; };
		BBD264392431536D00DF8987 /* AddNonFlourViewController.swift in Sources */ = {isa = PBXBuildFile; fileRef = BBD264382431536D00DF8987 /* AddNonFlourViewController.swift */; };
		BBD2643B2431574200DF8987 /* IngredientsBuilder.swift in Sources */ = {isa = PBXBuildFile; fileRef = BBD2643A2431574200DF8987 /* IngredientsBuilder.swift */; };
		BBD2643D24315E2900DF8987 /* AddIngredientViewController.swift in Sources */ = {isa = PBXBuildFile; fileRef = BBD2643C24315E2900DF8987 /* AddIngredientViewController.swift */; };
		BBD2643F2431619D00DF8987 /* AddInstructionsViewController.swift in Sources */ = {isa = PBXBuildFile; fileRef = BBD2643E2431619D00DF8987 /* AddInstructionsViewController.swift */; };
		BBD264432431815600DF8987 /* PreviewRecipeViewController.swift in Sources */ = {isa = PBXBuildFile; fileRef = BBD264422431815600DF8987 /* PreviewRecipeViewController.swift */; };
		BBD2644E2432E70500DF8987 /* CalculatedIngredient.swift in Sources */ = {isa = PBXBuildFile; fileRef = BBD2644C2432E70500DF8987 /* CalculatedIngredient.swift */; };
		BBD2644F2432E70500DF8987 /* Ingredient.swift in Sources */ = {isa = PBXBuildFile; fileRef = BBD2644D2432E70500DF8987 /* Ingredient.swift */; };
		BBD264512432E7A200DF8987 /* CalculatedPreferment.swift in Sources */ = {isa = PBXBuildFile; fileRef = BBD264502432E7A200DF8987 /* CalculatedPreferment.swift */; };
		BBD264532432E7FF00DF8987 /* CalculatedRecipe.swift in Sources */ = {isa = PBXBuildFile; fileRef = BBD264522432E7FF00DF8987 /* CalculatedRecipe.swift */; };
		BBD264552432E82300DF8987 /* Instruction.swift in Sources */ = {isa = PBXBuildFile; fileRef = BBD264542432E82300DF8987 /* Instruction.swift */; };
		BBD264572432E86400DF8987 /* Preferment.swift in Sources */ = {isa = PBXBuildFile; fileRef = BBD264562432E86400DF8987 /* Preferment.swift */; };
		BBD264592432E8A400DF8987 /* Recipe.swift in Sources */ = {isa = PBXBuildFile; fileRef = BBD264582432E8A400DF8987 /* Recipe.swift */; };
		BBD2645C2432E90700DF8987 /* RecipeConverter.swift in Sources */ = {isa = PBXBuildFile; fileRef = BBD2645B2432E90700DF8987 /* RecipeConverter.swift */; };
		BBD264602432EADA00DF8987 /* IngredientConverter.swift in Sources */ = {isa = PBXBuildFile; fileRef = BBD2645F2432EADA00DF8987 /* IngredientConverter.swift */; };
		BBD264622432EB4F00DF8987 /* InstructionConverter.swift in Sources */ = {isa = PBXBuildFile; fileRef = BBD264612432EB4F00DF8987 /* InstructionConverter.swift */; };
		BBD264642432EB5700DF8987 /* PrefermentConverter.swift in Sources */ = {isa = PBXBuildFile; fileRef = BBD264632432EB5700DF8987 /* PrefermentConverter.swift */; };
		BBD264662432EFA400DF8987 /* CalculatedIngredientConverter.swift in Sources */ = {isa = PBXBuildFile; fileRef = BBD264652432EFA400DF8987 /* CalculatedIngredientConverter.swift */; };
		BBD264682432F08200DF8987 /* CalculatedPrefermentConverter.swift in Sources */ = {isa = PBXBuildFile; fileRef = BBD264672432F08200DF8987 /* CalculatedPrefermentConverter.swift */; };
		BBD2646A2432F1E400DF8987 /* CalculatedRecipeConverter.swift in Sources */ = {isa = PBXBuildFile; fileRef = BBD264692432F1E400DF8987 /* CalculatedRecipeConverter.swift */; };
		BBD2646D24330E0800DF8987 /* DoughyNotifications.swift in Sources */ = {isa = PBXBuildFile; fileRef = BBD2646C24330E0800DF8987 /* DoughyNotifications.swift */; };
		BBE2FF3B2436F1820091A485 /* Temperature.swift in Sources */ = {isa = PBXBuildFile; fileRef = BBE2FF3A2436F1820091A485 /* Temperature.swift */; };
		BBE2FF3E2436F5380091A485 /* SettingsViewController.swift in Sources */ = {isa = PBXBuildFile; fileRef = BBE2FF3D2436F5380091A485 /* SettingsViewController.swift */; };
		BBE2FF402436FADB0091A485 /* TemperatureConverter.swift in Sources */ = {isa = PBXBuildFile; fileRef = BBE2FF3F2436FADB0091A485 /* TemperatureConverter.swift */; };
		BBE2FF42243709E30091A485 /* TitleRow.swift in Sources */ = {isa = PBXBuildFile; fileRef = BBE2FF41243709E30091A485 /* TitleRow.swift */; };
		BBE2FF4424370B920091A485 /* EmailFeedbackController.swift in Sources */ = {isa = PBXBuildFile; fileRef = BBE2FF4324370B920091A485 /* EmailFeedbackController.swift */; };
		BBE2FF4624370BF00091A485 /* TemperatureToggleFactory.swift in Sources */ = {isa = PBXBuildFile; fileRef = BBE2FF4524370BF00091A485 /* TemperatureToggleFactory.swift */; };
		BBE2FF4824370C780091A485 /* LibrariesViewController.swift in Sources */ = {isa = PBXBuildFile; fileRef = BBE2FF4724370C780091A485 /* LibrariesViewController.swift */; };
		BBE2FF4A2439497D0091A485 /* AppInfo.swift in Sources */ = {isa = PBXBuildFile; fileRef = BBE2FF492439497D0091A485 /* AppInfo.swift */; };
		BBE2FF52243A694B0091A485 /* SetPrefermentViewController.swift in Sources */ = {isa = PBXBuildFile; fileRef = BBE2FF51243A694B0091A485 /* SetPrefermentViewController.swift */; };
		BBE2FF55243AB76D0091A485 /* WeightSliderCell.xib in Resources */ = {isa = PBXBuildFile; fileRef = BBE2FF54243AB76D0091A485 /* WeightSliderCell.xib */; };
		BBE2FF57243ABFA00091A485 /* WeightSliderRow.swift in Sources */ = {isa = PBXBuildFile; fileRef = BBE2FF56243ABFA00091A485 /* WeightSliderRow.swift */; };
		BBEA0CA52434554C00A708C7 /* CalculatedRecipeWriter.swift in Sources */ = {isa = PBXBuildFile; fileRef = BBEA0CA42434554C00A708C7 /* CalculatedRecipeWriter.swift */; };
		BBEA0CA72434557300A708C7 /* CalculatedRecipeReader.swift in Sources */ = {isa = PBXBuildFile; fileRef = BBEA0CA62434557300A708C7 /* CalculatedRecipeReader.swift */; };
		BBEA0CAA2434576200A708C7 /* SavedRecipesTableViewController.swift in Sources */ = {isa = PBXBuildFile; fileRef = BBEA0CA92434576200A708C7 /* SavedRecipesTableViewController.swift */; };
		BBEA0CAC2434580D00A708C7 /* ShowCalculatedRecipeViewController.swift in Sources */ = {isa = PBXBuildFile; fileRef = BBEA0CAB2434580D00A708C7 /* ShowCalculatedRecipeViewController.swift */; };
		BBEA0CAE243458E100A708C7 /* InstructionListCell.xib in Resources */ = {isa = PBXBuildFile; fileRef = BBEA0CAD243458E100A708C7 /* InstructionListCell.xib */; };
		BBEA0CB024345A0800A708C7 /* IngredientWithPrefermentListCell.xib in Resources */ = {isa = PBXBuildFile; fileRef = BBEA0CAF24345A0800A708C7 /* IngredientWithPrefermentListCell.xib */; };
		BBEA0CB224345A4D00A708C7 /* IngredientListCell.xib in Resources */ = {isa = PBXBuildFile; fileRef = BBEA0CB124345A4D00A708C7 /* IngredientListCell.xib */; };
		BBEA0CB424345A6F00A708C7 /* PrefermentListCell.xib in Resources */ = {isa = PBXBuildFile; fileRef = BBEA0CB324345A6F00A708C7 /* PrefermentListCell.xib */; };
		BBEA0CBA24345D8A00A708C7 /* IngredientCell.xib in Resources */ = {isa = PBXBuildFile; fileRef = BBEA0CB924345D8A00A708C7 /* IngredientCell.xib */; };
		BBEA0CBC24345DA400A708C7 /* IngredientWithPrefermentCell.xib in Resources */ = {isa = PBXBuildFile; fileRef = BBEA0CBB24345DA400A708C7 /* IngredientWithPrefermentCell.xib */; };
		BBEA0CBE24345DBB00A708C7 /* PrefermentCell.xib in Resources */ = {isa = PBXBuildFile; fileRef = BBEA0CBD24345DBB00A708C7 /* PrefermentCell.xib */; };
		CC1234567890ABCDEF000001 /* RecipeScanner.swift in Sources */ = {isa = PBXBuildFile; fileRef = CC1234567890ABCDEF000002 /* RecipeScanner.swift */; };
		CC1234567890ABCDEF000003 /* IngredientConversionStore.swift in Sources */ = {isa = PBXBuildFile; fileRef = CC1234567890ABCDEF000004 /* IngredientConversionStore.swift */; };
		CC1234567890ABCDEF000005 /* VolumeUnitFormatter.swift in Sources */ = {isa = PBXBuildFile; fileRef = CC1234567890ABCDEF000006 /* VolumeUnitFormatter.swift */; };
		FF0000000000000000000002 /* IngredientDensityStore.swift in Sources */ = {isa = PBXBuildFile; fileRef = FF0000000000000000000001 /* IngredientDensityStore.swift */; };
		DD0000000000000000000022 /* ExtraIngredientConversion.swift in Sources */ = {isa = PBXBuildFile; fileRef = DD0000000000000000000023 /* ExtraIngredientConversion.swift */; };
		FF0000000000000000000004 /* IngredientConversionsView.swift in Sources */ = {isa = PBXBuildFile; fileRef = FF0000000000000000000003 /* IngredientConversionsView.swift */; };
		DDA522364120C5B7AF1238D4 /* CreateRecipeView.swift in Sources */ = {isa = PBXBuildFile; fileRef = 9D3CD9D13F590A51EDD39033 /* CreateRecipeView.swift */; };
		EAB3150D4BD26C22D891FC75 /* RecipeListView.swift in Sources */ = {isa = PBXBuildFile; fileRef = 4F3DC0F90C6416B3782E7EA1 /* RecipeListView.swift */; };
		EE00000000000000000001 /* RecipeScannerTests.swift in Sources */ = {isa = PBXBuildFile; fileRef = EE00000000000000000002 /* RecipeScannerTests.swift */; };
		EE00000000000000000003 /* Recipes in Resources */ = {isa = PBXBuildFile; fileRef = EE00000000000000000004 /* Recipes */; };
/* End PBXBuildFile section */

/* Begin PBXContainerItemProxy section */
		AA000000000000000000000B /* PBXContainerItemProxy */ = {
			isa = PBXContainerItemProxy;
			containerPortal = BB30DEC42425B83D00BFD472 /* Project object */;
			proxyType = 1;
			remoteGlobalIDString = BB30DECB2425B83D00BFD472;
			remoteInfo = Doughy;
		};
		BB30DEE62425B83F00BFD472 /* PBXContainerItemProxy */ = {
			isa = PBXContainerItemProxy;
			containerPortal = BB30DEC42425B83D00BFD472 /* Project object */;
			proxyType = 1;
			remoteGlobalIDString = BB30DECB2425B83D00BFD472;
			remoteInfo = "Recipe Helper";
		};
/* End PBXContainerItemProxy section */

/* Begin PBXFileReference section */
		DD0000000000000000000001 /* RecipeSnapshot.swift */ = {isa = PBXFileReference; lastKnownFileType = sourcecode.swift; path = RecipeSnapshot.swift; sourceTree = "<group>"; };
		DD0000000000000000000003 /* RecipeDiff.swift */ = {isa = PBXFileReference; lastKnownFileType = sourcecode.swift; path = RecipeDiff.swift; sourceTree = "<group>"; };
		DD0000000000000000000005 /* HistoryEntry.swift */ = {isa = PBXFileReference; lastKnownFileType = sourcecode.swift; path = HistoryEntry.swift; sourceTree = "<group>"; };
		DD0000000000000000000007 /* HistoryEntryConverter.swift */ = {isa = PBXFileReference; lastKnownFileType = sourcecode.swift; path = HistoryEntryConverter.swift; sourceTree = "<group>"; };
		DD0000000000000000000009 /* CalculatorOverrides.swift */ = {isa = PBXFileReference; lastKnownFileType = sourcecode.swift; path = CalculatorOverrides.swift; sourceTree = "<group>"; };
		DD0000000000000000000011 /* HistoryWriter.swift */ = {isa = PBXFileReference; lastKnownFileType = sourcecode.swift; path = HistoryWriter.swift; sourceTree = "<group>"; };
		DD0000000000000000000013 /* RecipeHistoryView.swift */ = {isa = PBXFileReference; lastKnownFileType = sourcecode.swift; path = RecipeHistoryView.swift; sourceTree = "<group>"; };
		DD0000000000000000000015 /* RecipeDiffTests.swift */ = {isa = PBXFileReference; lastKnownFileType = sourcecode.swift; path = RecipeDiffTests.swift; sourceTree = "<group>"; };
		DD0000000000000000000017 /* RecipeHistoryUITests.swift */ = {isa = PBXFileReference; lastKnownFileType = sourcecode.swift; path = RecipeHistoryUITests.swift; sourceTree = "<group>"; };
		DD0000000000000000000019 /* CoreDataMigrationTests.swift */ = {isa = PBXFileReference; lastKnownFileType = sourcecode.swift; path = CoreDataMigrationTests.swift; sourceTree = "<group>"; };
		36E8F59880EE98064C4AD020 /* SettingsView.swift */ = {isa = PBXFileReference; lastKnownFileType = sourcecode.swift; path = SettingsView.swift; sourceTree = "<group>"; };
		39CC5426652CEF6C8DF863BB /* RecipeStore.swift */ = {isa = PBXFileReference; lastKnownFileType = sourcecode.swift; path = RecipeStore.swift; sourceTree = "<group>"; };
		4F3DC0F90C6416B3782E7EA1 /* RecipeListView.swift */ = {isa = PBXFileReference; lastKnownFileType = sourcecode.swift; path = RecipeListView.swift; sourceTree = "<group>"; };
		8D5DEA7121902BEE05D59CD2 /* Doughy.entitlements */ = {isa = PBXFileReference; lastKnownFileType = text.plist.entitlements; path = Doughy.entitlements; sourceTree = "<group>"; };
		9D3CD9D13F590A51EDD39033 /* CreateRecipeView.swift */ = {isa = PBXFileReference; lastKnownFileType = sourcecode.swift; path = CreateRecipeView.swift; sourceTree = "<group>"; };
		AA0000000000000000000001 /* Doughy UI Tests.xctest */ = {isa = PBXFileReference; explicitFileType = wrapper.cfbundle; includeInIndex = 0; path = "Doughy UI Tests.xctest"; sourceTree = BUILT_PRODUCTS_DIR; };
		AA0000000000000000000002 /* UITestSupport.swift */ = {isa = PBXFileReference; lastKnownFileType = sourcecode.swift; path = UITestSupport.swift; sourceTree = "<group>"; };
		AA0000000000000000000003 /* RecipeCreationUITests.swift */ = {isa = PBXFileReference; lastKnownFileType = sourcecode.swift; path = RecipeCreationUITests.swift; sourceTree = "<group>"; };
		AA0000000000000000000004 /* RecipeEditUITests.swift */ = {isa = PBXFileReference; lastKnownFileType = sourcecode.swift; path = RecipeEditUITests.swift; sourceTree = "<group>"; };
		AA0000000000000000000005 /* Info.plist */ = {isa = PBXFileReference; lastKnownFileType = text.plist.xml; path = Info.plist; sourceTree = "<group>"; };
		AA0000000000000000000013 /* RecipeDataIntegrityUITests.swift */ = {isa = PBXFileReference; lastKnownFileType = sourcecode.swift; path = RecipeDataIntegrityUITests.swift; sourceTree = "<group>"; };
		AA0000000000000000000015 /* RecipeCalculatorUITests.swift */ = {isa = PBXFileReference; lastKnownFileType = sourcecode.swift; path = RecipeCalculatorUITests.swift; sourceTree = "<group>"; };
		AC478C29AFD50FC6F4F02412 /* CalculatorView.swift */ = {isa = PBXFileReference; lastKnownFileType = sourcecode.swift; path = CalculatorView.swift; sourceTree = "<group>"; };
		B31864D344883DD71A807B7C /* CalculatedRecipeView.swift */ = {isa = PBXFileReference; lastKnownFileType = sourcecode.swift; path = CalculatedRecipeView.swift; sourceTree = "<group>"; };
		BB06F1722425F5F0001A03AD /* ObjectFactory.swift */ = {isa = PBXFileReference; lastKnownFileType = sourcecode.swift; path = ObjectFactory.swift; sourceTree = "<group>"; };
		BB06F1742425F681001A03AD /* CoreDataGateway.swift */ = {isa = PBXFileReference; lastKnownFileType = sourcecode.swift; path = CoreDataGateway.swift; sourceTree = "<group>"; };
		BB06F1762425FAE6001A03AD /* RecipeReader.swift */ = {isa = PBXFileReference; lastKnownFileType = sourcecode.swift; path = RecipeReader.swift; sourceTree = "<group>"; };
		BB30DECC2425B83D00BFD472 /* Doughy.app */ = {isa = PBXFileReference; explicitFileType = wrapper.application; includeInIndex = 0; path = Doughy.app; sourceTree = BUILT_PRODUCTS_DIR; };
		BB30DECF2425B83E00BFD472 /* AppDelegate.swift */ = {isa = PBXFileReference; lastKnownFileType = sourcecode.swift; path = AppDelegate.swift; sourceTree = "<group>"; };
		BB30DED12425B83E00BFD472 /* SceneDelegate.swift */ = {isa = PBXFileReference; lastKnownFileType = sourcecode.swift; path = SceneDelegate.swift; sourceTree = "<group>"; };
		BB30DED32425B83E00BFD472 /* CalculatorViewController.swift */ = {isa = PBXFileReference; lastKnownFileType = sourcecode.swift; path = CalculatorViewController.swift; sourceTree = "<group>"; };
		BB30DED62425B83E00BFD472 /* Base */ = {isa = PBXFileReference; lastKnownFileType = file.storyboard; name = Base; path = Base.lproj/Main.storyboard; sourceTree = "<group>"; };
		BB30DED92425B83E00BFD472 /* Recipe_Helper.xcdatamodel */ = {isa = PBXFileReference; lastKnownFileType = wrapper.xcdatamodel; path = Recipe_Helper.xcdatamodel; sourceTree = "<group>"; };
		BB30DEDB2425B83F00BFD472 /* Assets.xcassets */ = {isa = PBXFileReference; lastKnownFileType = folder.assetcatalog; path = Assets.xcassets; sourceTree = "<group>"; };
		BB30DEDE2425B83F00BFD472 /* Base */ = {isa = PBXFileReference; lastKnownFileType = file.storyboard; name = Base; path = Base.lproj/LaunchScreen.storyboard; sourceTree = "<group>"; };
		BB30DEE02425B83F00BFD472 /* Info.plist */ = {isa = PBXFileReference; lastKnownFileType = text.plist.xml; path = Info.plist; sourceTree = "<group>"; };
		BB30DEE52425B83F00BFD472 /* Doughy Tests.xctest */ = {isa = PBXFileReference; explicitFileType = wrapper.cfbundle; includeInIndex = 0; path = "Doughy Tests.xctest"; sourceTree = BUILT_PRODUCTS_DIR; };
		BB30DEE92425B83F00BFD472 /* Recipe_HelperTests.swift */ = {isa = PBXFileReference; lastKnownFileType = sourcecode.swift; path = Recipe_HelperTests.swift; sourceTree = "<group>"; };
		BB30DEEB2425B83F00BFD472 /* Info.plist */ = {isa = PBXFileReference; lastKnownFileType = text.plist.xml; path = Info.plist; sourceTree = "<group>"; };
		BB30DEF62425BD2900BFD472 /* RecipeWriter.swift */ = {isa = PBXFileReference; lastKnownFileType = sourcecode.swift; path = RecipeWriter.swift; sourceTree = "<group>"; };
		BB30DEF92425C05B00BFD472 /* PercentRow.swift */ = {isa = PBXFileReference; lastKnownFileType = sourcecode.swift; path = PercentRow.swift; sourceTree = "<group>"; };
		BB30DEFC2425D24900BFD472 /* Calculator.swift */ = {isa = PBXFileReference; lastKnownFileType = sourcecode.swift; path = Calculator.swift; sourceTree = "<group>"; };
		BB30DEFE2425E1B700BFD472 /* Measurements.swift */ = {isa = PBXFileReference; lastKnownFileType = sourcecode.swift; path = Measurements.swift; sourceTree = "<group>"; };
		BB30DF002425EBA000BFD472 /* AllRecipesTableViewController.swift */ = {isa = PBXFileReference; lastKnownFileType = sourcecode.swift; path = AllRecipesTableViewController.swift; sourceTree = "<group>"; };
		BB30DF032425EBE900BFD472 /* RecipeDetailCell.swift */ = {isa = PBXFileReference; lastKnownFileType = sourcecode.swift; path = RecipeDetailCell.swift; sourceTree = "<group>"; };
		BB30DF052425EC0E00BFD472 /* RecipeViewModel.swift */ = {isa = PBXFileReference; lastKnownFileType = sourcecode.swift; path = RecipeViewModel.swift; sourceTree = "<group>"; };
		BB30DF082425EC3000BFD472 /* Settings.swift */ = {isa = PBXFileReference; lastKnownFileType = sourcecode.swift; path = Settings.swift; sourceTree = "<group>"; };
		BB30DF0A2425ECFB00BFD472 /* RecipeCollection.swift */ = {isa = PBXFileReference; lastKnownFileType = sourcecode.swift; path = RecipeCollection.swift; sourceTree = "<group>"; };
		BB45FCF0243444170077C3F8 /* AddInstructionsAltViewController.swift */ = {isa = PBXFileReference; lastKnownFileType = sourcecode.swift; path = AddInstructionsAltViewController.swift; sourceTree = "<group>"; };
		BB45FCF3243444940077C3F8 /* TextViewTableViewCell.swift */ = {isa = PBXFileReference; lastKnownFileType = sourcecode.swift; path = TextViewTableViewCell.swift; sourceTree = "<group>"; };
		BB4AA19D24275659002BB9A8 /* CalculatedRecipeCellFactory.swift */ = {isa = PBXFileReference; lastKnownFileType = sourcecode.swift; path = CalculatedRecipeCellFactory.swift; sourceTree = "<group>"; };
		BB4AA19F242821FB002BB9A8 /* InstructionListCell.swift */ = {isa = PBXFileReference; lastKnownFileType = sourcecode.swift; path = InstructionListCell.swift; sourceTree = "<group>"; };
		BB4AA1A124282A66002BB9A8 /* IngredientListCell.swift */ = {isa = PBXFileReference; lastKnownFileType = sourcecode.swift; path = IngredientListCell.swift; sourceTree = "<group>"; };
		BB59156D2979247A00903D14 /* Color.swift */ = {isa = PBXFileReference; lastKnownFileType = sourcecode.swift; path = Color.swift; sourceTree = "<group>"; };
		BB6152112425FD06006CB854 /* DefaultRecipeFactory.swift */ = {isa = PBXFileReference; lastKnownFileType = sourcecode.swift; path = DefaultRecipeFactory.swift; sourceTree = "<group>"; };
		BB61521324274B50006CB854 /* ShowCalculatedRecipeBaseViewController.swift */ = {isa = PBXFileReference; lastKnownFileType = sourcecode.swift; path = ShowCalculatedRecipeBaseViewController.swift; sourceTree = "<group>"; };
		BB70410424344C9500933C08 /* AddStepCell.swift */ = {isa = PBXFileReference; lastKnownFileType = sourcecode.swift; path = AddStepCell.swift; sourceTree = "<group>"; };
		BBC6847B24305A5000CE2157 /* PrefermentListCell.swift */ = {isa = PBXFileReference; lastKnownFileType = sourcecode.swift; path = PrefermentListCell.swift; sourceTree = "<group>"; };
		BBD2641924306F9200DF8987 /* PrefermentCell.swift */ = {isa = PBXFileReference; fileEncoding = 4; lastKnownFileType = sourcecode.swift; path = PrefermentCell.swift; sourceTree = "<group>"; };
		BBD2641B2430704000DF8987 /* IngredientCell.swift */ = {isa = PBXFileReference; fileEncoding = 4; lastKnownFileType = sourcecode.swift; path = IngredientCell.swift; sourceTree = "<group>"; };
		BBD2641D2430820E00DF8987 /* IngredientWithPrefermentListCell.swift */ = {isa = PBXFileReference; lastKnownFileType = sourcecode.swift; path = IngredientWithPrefermentListCell.swift; sourceTree = "<group>"; };
		BBD2641F2430822D00DF8987 /* IngredientWithPrefermentCellTableViewCell.swift */ = {isa = PBXFileReference; lastKnownFileType = sourcecode.swift; path = IngredientWithPrefermentCellTableViewCell.swift; sourceTree = "<group>"; };
		BBD264212431241500DF8987 /* PercentFormatter.swift */ = {isa = PBXFileReference; lastKnownFileType = sourcecode.swift; path = PercentFormatter.swift; sourceTree = "<group>"; };
		BBD2642324312FDD00DF8987 /* WeightFormatter.swift */ = {isa = PBXFileReference; lastKnownFileType = sourcecode.swift; path = WeightFormatter.swift; sourceTree = "<group>"; };
		BBD26425243139C600DF8987 /* WeightRow.swift */ = {isa = PBXFileReference; lastKnownFileType = sourcecode.swift; path = WeightRow.swift; sourceTree = "<group>"; };
		BBD2642724313A9E00DF8987 /* TemperatureRow.swift */ = {isa = PBXFileReference; lastKnownFileType = sourcecode.swift; path = TemperatureRow.swift; sourceTree = "<group>"; };
		BBD2642924313B6E00DF8987 /* TemperatureFormatter.swift */ = {isa = PBXFileReference; lastKnownFileType = sourcecode.swift; path = TemperatureFormatter.swift; sourceTree = "<group>"; };
		BBD2642C2431487700DF8987 /* CreateRecipeViewController.swift */ = {isa = PBXFileReference; lastKnownFileType = sourcecode.swift; path = CreateRecipeViewController.swift; sourceTree = "<group>"; };
		BBD2642E24314CBE00DF8987 /* RecipeBuilder.swift */ = {isa = PBXFileReference; lastKnownFileType = sourcecode.swift; path = RecipeBuilder.swift; sourceTree = "<group>"; };
		BBD2643024314CD500DF8987 /* CreateRecipeNavigationController.swift */ = {isa = PBXFileReference; lastKnownFileType = sourcecode.swift; path = CreateRecipeNavigationController.swift; sourceTree = "<group>"; };
		BBD2643224314D6500DF8987 /* AlertViewHelper.swift */ = {isa = PBXFileReference; lastKnownFileType = sourcecode.swift; path = AlertViewHelper.swift; sourceTree = "<group>"; };
		BBD264342431520500DF8987 /* RecipePredicates.swift */ = {isa = PBXFileReference; lastKnownFileType = sourcecode.swift; path = RecipePredicates.swift; sourceTree = "<group>"; };
		BBD264362431536000DF8987 /* AddFlourViewController.swift */ = {isa = PBXFileReference; lastKnownFileType = sourcecode.swift; path = AddFlourViewController.swift; sourceTree = "<group>"; };
		BBD264382431536D00DF8987 /* AddNonFlourViewController.swift */ = {isa = PBXFileReference; lastKnownFileType = sourcecode.swift; path = AddNonFlourViewController.swift; sourceTree = "<group>"; };
		BBD2643A2431574200DF8987 /* IngredientsBuilder.swift */ = {isa = PBXFileReference; lastKnownFileType = sourcecode.swift; path = IngredientsBuilder.swift; sourceTree = "<group>"; };
		BBD2643C24315E2900DF8987 /* AddIngredientViewController.swift */ = {isa = PBXFileReference; lastKnownFileType = sourcecode.swift; path = AddIngredientViewController.swift; sourceTree = "<group>"; };
		BBD2643E2431619D00DF8987 /* AddInstructionsViewController.swift */ = {isa = PBXFileReference; lastKnownFileType = sourcecode.swift; path = AddInstructionsViewController.swift; sourceTree = "<group>"; };
		BBD264422431815600DF8987 /* PreviewRecipeViewController.swift */ = {isa = PBXFileReference; lastKnownFileType = sourcecode.swift; path = PreviewRecipeViewController.swift; sourceTree = "<group>"; };
		BBD2644C2432E70500DF8987 /* CalculatedIngredient.swift */ = {isa = PBXFileReference; fileEncoding = 4; lastKnownFileType = sourcecode.swift; path = CalculatedIngredient.swift; sourceTree = "<group>"; };
		BBD2644D2432E70500DF8987 /* Ingredient.swift */ = {isa = PBXFileReference; fileEncoding = 4; lastKnownFileType = sourcecode.swift; path = Ingredient.swift; sourceTree = "<group>"; };
		BBD264502432E7A200DF8987 /* CalculatedPreferment.swift */ = {isa = PBXFileReference; lastKnownFileType = sourcecode.swift; path = CalculatedPreferment.swift; sourceTree = "<group>"; };
		BBD264522432E7FF00DF8987 /* CalculatedRecipe.swift */ = {isa = PBXFileReference; lastKnownFileType = sourcecode.swift; path = CalculatedRecipe.swift; sourceTree = "<group>"; };
		BBD264542432E82300DF8987 /* Instruction.swift */ = {isa = PBXFileReference; lastKnownFileType = sourcecode.swift; path = Instruction.swift; sourceTree = "<group>"; };
		BBD264562432E86400DF8987 /* Preferment.swift */ = {isa = PBXFileReference; lastKnownFileType = sourcecode.swift; path = Preferment.swift; sourceTree = "<group>"; };
		BBD264582432E8A400DF8987 /* Recipe.swift */ = {isa = PBXFileReference; lastKnownFileType = sourcecode.swift; path = Recipe.swift; sourceTree = "<group>"; };
		BBD2645B2432E90700DF8987 /* RecipeConverter.swift */ = {isa = PBXFileReference; lastKnownFileType = sourcecode.swift; path = RecipeConverter.swift; sourceTree = "<group>"; };
		BBD2645F2432EADA00DF8987 /* IngredientConverter.swift */ = {isa = PBXFileReference; lastKnownFileType = sourcecode.swift; path = IngredientConverter.swift; sourceTree = "<group>"; };
		BBD264612432EB4F00DF8987 /* InstructionConverter.swift */ = {isa = PBXFileReference; lastKnownFileType = sourcecode.swift; path = InstructionConverter.swift; sourceTree = "<group>"; };
		BBD264632432EB5700DF8987 /* PrefermentConverter.swift */ = {isa = PBXFileReference; lastKnownFileType = sourcecode.swift; path = PrefermentConverter.swift; sourceTree = "<group>"; };
		BBD264652432EFA400DF8987 /* CalculatedIngredientConverter.swift */ = {isa = PBXFileReference; lastKnownFileType = sourcecode.swift; path = CalculatedIngredientConverter.swift; sourceTree = "<group>"; };
		BBD264672432F08200DF8987 /* CalculatedPrefermentConverter.swift */ = {isa = PBXFileReference; lastKnownFileType = sourcecode.swift; path = CalculatedPrefermentConverter.swift; sourceTree = "<group>"; };
		BBD264692432F1E400DF8987 /* CalculatedRecipeConverter.swift */ = {isa = PBXFileReference; lastKnownFileType = sourcecode.swift; path = CalculatedRecipeConverter.swift; sourceTree = "<group>"; };
		BBD2646C24330E0800DF8987 /* DoughyNotifications.swift */ = {isa = PBXFileReference; lastKnownFileType = sourcecode.swift; path = DoughyNotifications.swift; sourceTree = "<group>"; };
		BBE2FF3A2436F1820091A485 /* Temperature.swift */ = {isa = PBXFileReference; lastKnownFileType = sourcecode.swift; path = Temperature.swift; sourceTree = "<group>"; };
		BBE2FF3D2436F5380091A485 /* SettingsViewController.swift */ = {isa = PBXFileReference; lastKnownFileType = sourcecode.swift; path = SettingsViewController.swift; sourceTree = "<group>"; };
		BBE2FF3F2436FADB0091A485 /* TemperatureConverter.swift */ = {isa = PBXFileReference; lastKnownFileType = sourcecode.swift; path = TemperatureConverter.swift; sourceTree = "<group>"; };
		BBE2FF41243709E30091A485 /* TitleRow.swift */ = {isa = PBXFileReference; lastKnownFileType = sourcecode.swift; path = TitleRow.swift; sourceTree = "<group>"; };
		BBE2FF4324370B920091A485 /* EmailFeedbackController.swift */ = {isa = PBXFileReference; lastKnownFileType = sourcecode.swift; path = EmailFeedbackController.swift; sourceTree = "<group>"; };
		BBE2FF4524370BF00091A485 /* TemperatureToggleFactory.swift */ = {isa = PBXFileReference; lastKnownFileType = sourcecode.swift; path = TemperatureToggleFactory.swift; sourceTree = "<group>"; };
		BBE2FF4724370C780091A485 /* LibrariesViewController.swift */ = {isa = PBXFileReference; lastKnownFileType = sourcecode.swift; path = LibrariesViewController.swift; sourceTree = "<group>"; };
		BBE2FF492439497D0091A485 /* AppInfo.swift */ = {isa = PBXFileReference; lastKnownFileType = sourcecode.swift; path = AppInfo.swift; sourceTree = "<group>"; };
		BBE2FF51243A694B0091A485 /* SetPrefermentViewController.swift */ = {isa = PBXFileReference; lastKnownFileType = sourcecode.swift; path = SetPrefermentViewController.swift; sourceTree = "<group>"; };
		BBE2FF54243AB76D0091A485 /* WeightSliderCell.xib */ = {isa = PBXFileReference; lastKnownFileType = file.xib; path = WeightSliderCell.xib; sourceTree = "<group>"; };
		BBE2FF56243ABFA00091A485 /* WeightSliderRow.swift */ = {isa = PBXFileReference; lastKnownFileType = sourcecode.swift; path = WeightSliderRow.swift; sourceTree = "<group>"; };
		BBEA0CA42434554C00A708C7 /* CalculatedRecipeWriter.swift */ = {isa = PBXFileReference; lastKnownFileType = sourcecode.swift; path = CalculatedRecipeWriter.swift; sourceTree = "<group>"; };
		BBEA0CA62434557300A708C7 /* CalculatedRecipeReader.swift */ = {isa = PBXFileReference; lastKnownFileType = sourcecode.swift; path = CalculatedRecipeReader.swift; sourceTree = "<group>"; };
		BBEA0CA92434576200A708C7 /* SavedRecipesTableViewController.swift */ = {isa = PBXFileReference; lastKnownFileType = sourcecode.swift; path = SavedRecipesTableViewController.swift; sourceTree = "<group>"; };
		BBEA0CAB2434580D00A708C7 /* ShowCalculatedRecipeViewController.swift */ = {isa = PBXFileReference; fileEncoding = 4; lastKnownFileType = sourcecode.swift; path = ShowCalculatedRecipeViewController.swift; sourceTree = "<group>"; };
		BBEA0CAD243458E100A708C7 /* InstructionListCell.xib */ = {isa = PBXFileReference; lastKnownFileType = file.xib; path = InstructionListCell.xib; sourceTree = "<group>"; };
		BBEA0CAF24345A0800A708C7 /* IngredientWithPrefermentListCell.xib */ = {isa = PBXFileReference; lastKnownFileType = file.xib; path = IngredientWithPrefermentListCell.xib; sourceTree = "<group>"; };
		BBEA0CB124345A4D00A708C7 /* IngredientListCell.xib */ = {isa = PBXFileReference; lastKnownFileType = file.xib; path = IngredientListCell.xib; sourceTree = "<group>"; };
		BBEA0CB324345A6F00A708C7 /* PrefermentListCell.xib */ = {isa = PBXFileReference; lastKnownFileType = file.xib; path = PrefermentListCell.xib; sourceTree = "<group>"; };
		BBEA0CB924345D8A00A708C7 /* IngredientCell.xib */ = {isa = PBXFileReference; lastKnownFileType = file.xib; path = IngredientCell.xib; sourceTree = "<group>"; };
		BBEA0CBB24345DA400A708C7 /* IngredientWithPrefermentCell.xib */ = {isa = PBXFileReference; lastKnownFileType = file.xib; path = IngredientWithPrefermentCell.xib; sourceTree = "<group>"; };
		BBEA0CBD24345DBB00A708C7 /* PrefermentCell.xib */ = {isa = PBXFileReference; lastKnownFileType = file.xib; path = PrefermentCell.xib; sourceTree = "<group>"; };
		CC1234567890ABCDEF000002 /* RecipeScanner.swift */ = {isa = PBXFileReference; lastKnownFileType = sourcecode.swift; path = RecipeScanner.swift; sourceTree = "<group>"; };
		CC1234567890ABCDEF000004 /* IngredientConversionStore.swift */ = {isa = PBXFileReference; lastKnownFileType = sourcecode.swift; path = IngredientConversionStore.swift; sourceTree = "<group>"; };
		CC1234567890ABCDEF000006 /* VolumeUnitFormatter.swift */ = {isa = PBXFileReference; lastKnownFileType = sourcecode.swift; path = VolumeUnitFormatter.swift; sourceTree = "<group>"; };
		FF0000000000000000000001 /* IngredientDensityStore.swift */ = {isa = PBXFileReference; lastKnownFileType = sourcecode.swift; path = IngredientDensityStore.swift; sourceTree = "<group>"; };
		DD0000000000000000000023 /* ExtraIngredientConversion.swift */ = {isa = PBXFileReference; lastKnownFileType = sourcecode.swift; path = ExtraIngredientConversion.swift; sourceTree = "<group>"; };
		FF0000000000000000000003 /* IngredientConversionsView.swift */ = {isa = PBXFileReference; lastKnownFileType = sourcecode.swift; path = IngredientConversionsView.swift; sourceTree = "<group>"; };
		EE00000000000000000002 /* RecipeScannerTests.swift */ = {isa = PBXFileReference; lastKnownFileType = sourcecode.swift; path = RecipeScannerTests.swift; sourceTree = "<group>"; };
		EE00000000000000000004 /* Recipes */ = {isa = PBXFileReference; lastKnownFileType = folder; path = Recipes; sourceTree = "<group>"; };
/* End PBXFileReference section */

/* Begin PBXFrameworksBuildPhase section */
		AA000000000000000000000E /* Frameworks */ = {
			isa = PBXFrameworksBuildPhase;
			buildActionMask = 2147483647;
			files = (
			);
			runOnlyForDeploymentPostprocessing = 0;
		};
		BB30DEC92425B83D00BFD472 /* Frameworks */ = {
			isa = PBXFrameworksBuildPhase;
			buildActionMask = 2147483647;
			files = (
			);
			runOnlyForDeploymentPostprocessing = 0;
		};
		BB30DEE22425B83F00BFD472 /* Frameworks */ = {
			isa = PBXFrameworksBuildPhase;
			buildActionMask = 2147483647;
			files = (
			);
			runOnlyForDeploymentPostprocessing = 0;
		};
/* End PBXFrameworksBuildPhase section */

/* Begin PBXGroup section */
		AA0000000000000000000009 /* Doughy UI Tests */ = {
			isa = PBXGroup;
			children = (
				AA0000000000000000000002 /* UITestSupport.swift */,
				AA0000000000000000000003 /* RecipeCreationUITests.swift */,
				AA0000000000000000000004 /* RecipeEditUITests.swift */,
				AA0000000000000000000013 /* RecipeDataIntegrityUITests.swift */,
				AA0000000000000000000015 /* RecipeCalculatorUITests.swift */,
				DD0000000000000000000017 /* RecipeHistoryUITests.swift */,
				AA0000000000000000000005 /* Info.plist */,
			);
			path = "Doughy UI Tests";
			sourceTree = "<group>";
		};
		BB30DEC32425B83D00BFD472 = {
			isa = PBXGroup;
			children = (
				BB30DECE2425B83D00BFD472 /* Doughy */,
				BB30DEE82425B83F00BFD472 /* Doughy Tests */,
				AA0000000000000000000009 /* Doughy UI Tests */,
				BB30DECD2425B83D00BFD472 /* Products */,
			);
			sourceTree = "<group>";
		};
		BB30DECD2425B83D00BFD472 /* Products */ = {
			isa = PBXGroup;
			children = (
				BB30DECC2425B83D00BFD472 /* Doughy.app */,
				BB30DEE52425B83F00BFD472 /* Doughy Tests.xctest */,
				AA0000000000000000000001 /* Doughy UI Tests.xctest */,
			);
			name = Products;
			sourceTree = "<group>";
		};
		BB30DECE2425B83D00BFD472 /* Doughy */ = {
			isa = PBXGroup;
			children = (
				BBD2646B24330DFC00DF8987 /* Notifications */,
				BB30DF022425EBCF00BFD472 /* Views */,
				BB30DEFB2425D23E00BFD472 /* Utilities */,
				BB30DEF82425C04D00BFD472 /* Custom Rows */,
				BB30DEF52425BD1300BFD472 /* Data Store */,
				BB30DEF42425BB5800BFD472 /* Model */,
				BB30DECF2425B83E00BFD472 /* AppDelegate.swift */,
				BB30DED12425B83E00BFD472 /* SceneDelegate.swift */,
				39CC5426652CEF6C8DF863BB /* RecipeStore.swift */,
				BB30DEDB2425B83F00BFD472 /* Assets.xcassets */,
				BB30DEDD2425B83F00BFD472 /* LaunchScreen.storyboard */,
				BB30DEE02425B83F00BFD472 /* Info.plist */,
				8D5DEA7121902BEE05D59CD2 /* Doughy.entitlements */,
			);
			path = Doughy;
			sourceTree = "<group>";
		};
		BB30DEE82425B83F00BFD472 /* Doughy Tests */ = {
			isa = PBXGroup;
			children = (
				BB30DEE92425B83F00BFD472 /* Recipe_HelperTests.swift */,
				DD0000000000000000000015 /* RecipeDiffTests.swift */,
				DD0000000000000000000019 /* CoreDataMigrationTests.swift */,
				EE00000000000000000002 /* RecipeScannerTests.swift */,
				EE00000000000000000004 /* Recipes */,
				BB30DEEB2425B83F00BFD472 /* Info.plist */,
			);
			path = "Doughy Tests";
			sourceTree = "<group>";
		};
		BB30DEF42425BB5800BFD472 /* Model */ = {
			isa = PBXGroup;
			children = (
				BBD2645A2432E8FD00DF8987 /* Converters */,
				BBD2644B2432E70500DF8987 /* Recipes */,
				DD0000000000000000000009 /* CalculatorOverrides.swift */,
				BB30DEFE2425E1B700BFD472 /* Measurements.swift */,
				BBD2642E24314CBE00DF8987 /* RecipeBuilder.swift */,
				BBD2643A2431574200DF8987 /* IngredientsBuilder.swift */,
			);
			path = Model;
			sourceTree = "<group>";
		};
		BB30DEF52425BD1300BFD472 /* Data Store */ = {
			isa = PBXGroup;
			children = (
				BB30DED82425B83E00BFD472 /* Doughy.xcdatamodeld */,
				BB06F1762425FAE6001A03AD /* RecipeReader.swift */,
				BB30DEF62425BD2900BFD472 /* RecipeWriter.swift */,
				DD0000000000000000000011 /* HistoryWriter.swift */,
				BB06F1722425F5F0001A03AD /* ObjectFactory.swift */,
				BB06F1742425F681001A03AD /* CoreDataGateway.swift */,
				BBEA0CA62434557300A708C7 /* CalculatedRecipeReader.swift */,
				BBEA0CA42434554C00A708C7 /* CalculatedRecipeWriter.swift */,
			);
			path = "Data Store";
			sourceTree = "<group>";
		};
		BB30DEF82425C04D00BFD472 /* Custom Rows */ = {
			isa = PBXGroup;
			children = (
				BB30DEF92425C05B00BFD472 /* PercentRow.swift */,
				BBD26425243139C600DF8987 /* WeightRow.swift */,
				BBD2642724313A9E00DF8987 /* TemperatureRow.swift */,
				BBE2FF41243709E30091A485 /* TitleRow.swift */,
			);
			path = "Custom Rows";
			sourceTree = "<group>";
		};
		BB30DEFB2425D23E00BFD472 /* Utilities */ = {
			isa = PBXGroup;
			children = (
				BB30DEFC2425D24900BFD472 /* Calculator.swift */,
				BB30DF082425EC3000BFD472 /* Settings.swift */,
				BB6152112425FD06006CB854 /* DefaultRecipeFactory.swift */,
				BBD264212431241500DF8987 /* PercentFormatter.swift */,
				BBD2642324312FDD00DF8987 /* WeightFormatter.swift */,
				BBD2642924313B6E00DF8987 /* TemperatureFormatter.swift */,
				BBD2643224314D6500DF8987 /* AlertViewHelper.swift */,
				BBD264342431520500DF8987 /* RecipePredicates.swift */,
				BBE2FF492439497D0091A485 /* AppInfo.swift */,
				CC1234567890ABCDEF000002 /* RecipeScanner.swift */,
				CC1234567890ABCDEF000004 /* IngredientConversionStore.swift */,
				CC1234567890ABCDEF000006 /* VolumeUnitFormatter.swift */,
				FF0000000000000000000001 /* IngredientDensityStore.swift */,
				DD0000000000000000000023 /* ExtraIngredientConversion.swift */,
			);
			path = Utilities;
			sourceTree = "<group>";
		};
		BB30DF022425EBCF00BFD472 /* Views */ = {
			isa = PBXGroup;
			children = (
				BB30DED52425B83E00BFD472 /* Main.storyboard */,
				BB59156C2979245700903D14 /* Colors */,
				BB30DF072425EC1400BFD472 /* Master */,
				BB61521624274DC3006CB854 /* Calculate */,
				BBEA0CA82434574000A708C7 /* Saved Recipes */,
				BBD2642B2431484500DF8987 /* Create Recipe */,
				BBE2FF3C2436F5290091A485 /* Settings */,
				4F3DC0F90C6416B3782E7EA1 /* RecipeListView.swift */,
				AC478C29AFD50FC6F4F02412 /* CalculatorView.swift */,
				B31864D344883DD71A807B7C /* CalculatedRecipeView.swift */,
				DD0000000000000000000013 /* RecipeHistoryView.swift */,
				9D3CD9D13F590A51EDD39033 /* CreateRecipeView.swift */,
				36E8F59880EE98064C4AD020 /* SettingsView.swift */,
				FF0000000000000000000003 /* IngredientConversionsView.swift */,
			);
			path = Views;
			sourceTree = "<group>";
		};
		BB30DF072425EC1400BFD472 /* Master */ = {
			isa = PBXGroup;
			children = (
				BB30DF002425EBA000BFD472 /* AllRecipesTableViewController.swift */,
				BB30DF032425EBE900BFD472 /* RecipeDetailCell.swift */,
				BB30DF052425EC0E00BFD472 /* RecipeViewModel.swift */,
			);
			path = Master;
			sourceTree = "<group>";
		};
		BB45FCF2243444800077C3F8 /* Alt Instructions */ = {
			isa = PBXGroup;
			children = (
				BB45FCF0243444170077C3F8 /* AddInstructionsAltViewController.swift */,
				BB45FCF3243444940077C3F8 /* TextViewTableViewCell.swift */,
				BB70410424344C9500933C08 /* AddStepCell.swift */,
			);
			path = "Alt Instructions";
			sourceTree = "<group>";
		};
		BB59156C2979245700903D14 /* Colors */ = {
			isa = PBXGroup;
			children = (
				BB59156D2979247A00903D14 /* Color.swift */,
			);
			path = Colors;
			sourceTree = "<group>";
		};
		BB61521524274DB2006CB854 /* Show Recipe */ = {
			isa = PBXGroup;
			children = (
				BB7041062434540400933C08 /* Cells */,
				BBEA0CAB2434580D00A708C7 /* ShowCalculatedRecipeViewController.swift */,
				BB61521324274B50006CB854 /* ShowCalculatedRecipeBaseViewController.swift */,
				BB4AA19D24275659002BB9A8 /* CalculatedRecipeCellFactory.swift */,
			);
			path = "Show Recipe";
			sourceTree = "<group>";
		};
		BB61521624274DC3006CB854 /* Calculate */ = {
			isa = PBXGroup;
			children = (
				BB30DED32425B83E00BFD472 /* CalculatorViewController.swift */,
				BB61521524274DB2006CB854 /* Show Recipe */,
			);
			path = Calculate;
			sourceTree = "<group>";
		};
		BB7041062434540400933C08 /* Cells */ = {
			isa = PBXGroup;
			children = (
				BBEA0CB824345B5200A708C7 /* Preferment Cell */,
				BBEA0CB724345B4600A708C7 /* Ingredients With Preferment Cell */,
				BBEA0CB624345B2700A708C7 /* Ingredients Cell */,
				BBEA0CB524345B1C00A708C7 /* Instruction Cell */,
			);
			path = Cells;
			sourceTree = "<group>";
		};
		BBD2642B2431484500DF8987 /* Create Recipe */ = {
			isa = PBXGroup;
			children = (
				BBE2FF4C24394F0E0091A485 /* Preferment */,
				BBE2FF4B24394F080091A485 /* Ingredients */,
				BB45FCF2243444800077C3F8 /* Alt Instructions */,
				BBD2643024314CD500DF8987 /* CreateRecipeNavigationController.swift */,
				BBD2642C2431487700DF8987 /* CreateRecipeViewController.swift */,
				BBD2643E2431619D00DF8987 /* AddInstructionsViewController.swift */,
				BBD264422431815600DF8987 /* PreviewRecipeViewController.swift */,
			);
			path = "Create Recipe";
			sourceTree = "<group>";
		};
		BBD2644B2432E70500DF8987 /* Recipes */ = {
			isa = PBXGroup;
			children = (
				DD0000000000000000000001 /* RecipeSnapshot.swift */,
				DD0000000000000000000003 /* RecipeDiff.swift */,
				DD0000000000000000000005 /* HistoryEntry.swift */,
				BBD264542432E82300DF8987 /* Instruction.swift */,
				BBD2644D2432E70500DF8987 /* Ingredient.swift */,
				BBD264562432E86400DF8987 /* Preferment.swift */,
				BBD264582432E8A400DF8987 /* Recipe.swift */,
				BB30DF0A2425ECFB00BFD472 /* RecipeCollection.swift */,
				BBD2644C2432E70500DF8987 /* CalculatedIngredient.swift */,
				BBD264502432E7A200DF8987 /* CalculatedPreferment.swift */,
				BBD264522432E7FF00DF8987 /* CalculatedRecipe.swift */,
				BBE2FF3A2436F1820091A485 /* Temperature.swift */,
			);
			path = Recipes;
			sourceTree = "<group>";
		};
		BBD2645A2432E8FD00DF8987 /* Converters */ = {
			isa = PBXGroup;
			children = (
				DD0000000000000000000007 /* HistoryEntryConverter.swift */,
				BBD2645F2432EADA00DF8987 /* IngredientConverter.swift */,
				BBD264612432EB4F00DF8987 /* InstructionConverter.swift */,
				BBD264632432EB5700DF8987 /* PrefermentConverter.swift */,
				BBD2645B2432E90700DF8987 /* RecipeConverter.swift */,
				BBD264652432EFA400DF8987 /* CalculatedIngredientConverter.swift */,
				BBD264672432F08200DF8987 /* CalculatedPrefermentConverter.swift */,
				BBD264692432F1E400DF8987 /* CalculatedRecipeConverter.swift */,
				BBE2FF3F2436FADB0091A485 /* TemperatureConverter.swift */,
			);
			path = Converters;
			sourceTree = "<group>";
		};
		BBD2646B24330DFC00DF8987 /* Notifications */ = {
			isa = PBXGroup;
			children = (
				BBD2646C24330E0800DF8987 /* DoughyNotifications.swift */,
			);
			path = Notifications;
			sourceTree = "<group>";
		};
		BBE2FF3C2436F5290091A485 /* Settings */ = {
			isa = PBXGroup;
			children = (
				BBE2FF3D2436F5380091A485 /* SettingsViewController.swift */,
				BBE2FF4324370B920091A485 /* EmailFeedbackController.swift */,
				BBE2FF4524370BF00091A485 /* TemperatureToggleFactory.swift */,
				BBE2FF4724370C780091A485 /* LibrariesViewController.swift */,
			);
			path = Settings;
			sourceTree = "<group>";
		};
		BBE2FF4B24394F080091A485 /* Ingredients */ = {
			isa = PBXGroup;
			children = (
				BBD2643C24315E2900DF8987 /* AddIngredientViewController.swift */,
				BBD264362431536000DF8987 /* AddFlourViewController.swift */,
				BBD264382431536D00DF8987 /* AddNonFlourViewController.swift */,
			);
			path = Ingredients;
			sourceTree = "<group>";
		};
		BBE2FF4C24394F0E0091A485 /* Preferment */ = {
			isa = PBXGroup;
			children = (
				BBE2FF51243A694B0091A485 /* SetPrefermentViewController.swift */,
				BBE2FF54243AB76D0091A485 /* WeightSliderCell.xib */,
				BBE2FF56243ABFA00091A485 /* WeightSliderRow.swift */,
			);
			path = Preferment;
			sourceTree = "<group>";
		};
		BBEA0CA82434574000A708C7 /* Saved Recipes */ = {
			isa = PBXGroup;
			children = (
				BBEA0CA92434576200A708C7 /* SavedRecipesTableViewController.swift */,
			);
			path = "Saved Recipes";
			sourceTree = "<group>";
		};
		BBEA0CB524345B1C00A708C7 /* Instruction Cell */ = {
			isa = PBXGroup;
			children = (
				BBEA0CAD243458E100A708C7 /* InstructionListCell.xib */,
				BB4AA19F242821FB002BB9A8 /* InstructionListCell.swift */,
			);
			path = "Instruction Cell";
			sourceTree = "<group>";
		};
		BBEA0CB624345B2700A708C7 /* Ingredients Cell */ = {
			isa = PBXGroup;
			children = (
				BBEA0CB124345A4D00A708C7 /* IngredientListCell.xib */,
				BBEA0CB924345D8A00A708C7 /* IngredientCell.xib */,
				BB4AA1A124282A66002BB9A8 /* IngredientListCell.swift */,
				BBD2641B2430704000DF8987 /* IngredientCell.swift */,
			);
			path = "Ingredients Cell";
			sourceTree = "<group>";
		};
		BBEA0CB724345B4600A708C7 /* Ingredients With Preferment Cell */ = {
			isa = PBXGroup;
			children = (
				BBEA0CAF24345A0800A708C7 /* IngredientWithPrefermentListCell.xib */,
				BBEA0CBB24345DA400A708C7 /* IngredientWithPrefermentCell.xib */,
				BBD2641D2430820E00DF8987 /* IngredientWithPrefermentListCell.swift */,
				BBD2641F2430822D00DF8987 /* IngredientWithPrefermentCellTableViewCell.swift */,
			);
			path = "Ingredients With Preferment Cell";
			sourceTree = "<group>";
		};
		BBEA0CB824345B5200A708C7 /* Preferment Cell */ = {
			isa = PBXGroup;
			children = (
				BBEA0CB324345A6F00A708C7 /* PrefermentListCell.xib */,
				BBEA0CBD24345DBB00A708C7 /* PrefermentCell.xib */,
				BBC6847B24305A5000CE2157 /* PrefermentListCell.swift */,
				BBD2641924306F9200DF8987 /* PrefermentCell.swift */,
			);
			path = "Preferment Cell";
			sourceTree = "<group>";
		};
/* End PBXGroup section */

/* Begin PBXNativeTarget section */
		AA000000000000000000000A /* Doughy UI Tests */ = {
			isa = PBXNativeTarget;
			buildConfigurationList = AA0000000000000000000012 /* Build configuration list for PBXNativeTarget "Doughy UI Tests" */;
			buildPhases = (
				AA000000000000000000000D /* Sources */,
				AA000000000000000000000E /* Frameworks */,
				AA000000000000000000000F /* Resources */,
			);
			buildRules = (
			);
			dependencies = (
				AA000000000000000000000C /* PBXTargetDependency */,
			);
			name = "Doughy UI Tests";
			productName = "Doughy UI Tests";
			productReference = AA0000000000000000000001 /* Doughy UI Tests.xctest */;
			productType = "com.apple.product-type.bundle.ui-testing";
		};
		BB30DECB2425B83D00BFD472 /* Doughy */ = {
			isa = PBXNativeTarget;
			buildConfigurationList = BB30DEEE2425B83F00BFD472 /* Build configuration list for PBXNativeTarget "Doughy" */;
			buildPhases = (
				BB30DEC82425B83D00BFD472 /* Sources */,
				BB30DEC92425B83D00BFD472 /* Frameworks */,
				BB30DECA2425B83D00BFD472 /* Resources */,
				DD0000000000000000000021 /* Set Build Number from Git Commit Count */,
			);
			buildRules = (
			);
			dependencies = (
			);
			name = Doughy;
			productName = "Recipe Helper";
			productReference = BB30DECC2425B83D00BFD472 /* Doughy.app */;
			productType = "com.apple.product-type.application";
		};
		BB30DEE42425B83F00BFD472 /* Doughy Tests */ = {
			isa = PBXNativeTarget;
			buildConfigurationList = BB30DEF12425B83F00BFD472 /* Build configuration list for PBXNativeTarget "Doughy Tests" */;
			buildPhases = (
				BB30DEE12425B83F00BFD472 /* Sources */,
				BB30DEE22425B83F00BFD472 /* Frameworks */,
				BB30DEE32425B83F00BFD472 /* Resources */,
			);
			buildRules = (
			);
			dependencies = (
				BB30DEE72425B83F00BFD472 /* PBXTargetDependency */,
			);
			name = "Doughy Tests";
			productName = "Recipe HelperTests";
			productReference = BB30DEE52425B83F00BFD472 /* Doughy Tests.xctest */;
			productType = "com.apple.product-type.bundle.unit-test";
		};
/* End PBXNativeTarget section */

/* Begin PBXProject section */
		BB30DEC42425B83D00BFD472 /* Project object */ = {
			isa = PBXProject;
			attributes = {
				LastSwiftUpdateCheck = 1130;
				LastUpgradeCheck = 1420;
				ORGANIZATIONNAME = "George Urick";
				TargetAttributes = {
					AA000000000000000000000A = {
						CreatedOnToolsVersion = 11.3.1;
						TestTargetID = BB30DECB2425B83D00BFD472;
					};
					BB30DECB2425B83D00BFD472 = {
						CreatedOnToolsVersion = 11.3.1;
					};
					BB30DEE42425B83F00BFD472 = {
						CreatedOnToolsVersion = 11.3.1;
						TestTargetID = BB30DECB2425B83D00BFD472;
					};
				};
			};
			buildConfigurationList = BB30DEC72425B83D00BFD472 /* Build configuration list for PBXProject "Doughy" */;
			compatibilityVersion = "Xcode 9.3";
			developmentRegion = en;
			hasScannedForEncodings = 0;
			knownRegions = (
				en,
				Base,
			);
			mainGroup = BB30DEC32425B83D00BFD472;
			productRefGroup = BB30DECD2425B83D00BFD472 /* Products */;
			projectDirPath = "";
			projectRoot = "";
			targets = (
				BB30DECB2425B83D00BFD472 /* Doughy */,
				BB30DEE42425B83F00BFD472 /* Doughy Tests */,
				AA000000000000000000000A /* Doughy UI Tests */,
			);
		};
/* End PBXProject section */

/* Begin PBXResourcesBuildPhase section */
		AA000000000000000000000F /* Resources */ = {
			isa = PBXResourcesBuildPhase;
			buildActionMask = 2147483647;
			files = (
			);
			runOnlyForDeploymentPostprocessing = 0;
		};
		BB30DECA2425B83D00BFD472 /* Resources */ = {
			isa = PBXResourcesBuildPhase;
			buildActionMask = 2147483647;
			files = (
				BB30DEDF2425B83F00BFD472 /* LaunchScreen.storyboard in Resources */,
				BB30DEDC2425B83F00BFD472 /* Assets.xcassets in Resources */,
				BBEA0CB224345A4D00A708C7 /* IngredientListCell.xib in Resources */,
				BBEA0CBE24345DBB00A708C7 /* PrefermentCell.xib in Resources */,
				BBEA0CB424345A6F00A708C7 /* PrefermentListCell.xib in Resources */,
				BBEA0CBC24345DA400A708C7 /* IngredientWithPrefermentCell.xib in Resources */,
				BBEA0CBA24345D8A00A708C7 /* IngredientCell.xib in Resources */,
				BBE2FF55243AB76D0091A485 /* WeightSliderCell.xib in Resources */,
				BBEA0CB024345A0800A708C7 /* IngredientWithPrefermentListCell.xib in Resources */,
				BBEA0CAE243458E100A708C7 /* InstructionListCell.xib in Resources */,
				BB30DED72425B83E00BFD472 /* Main.storyboard in Resources */,
			);
			runOnlyForDeploymentPostprocessing = 0;
		};
		BB30DEE32425B83F00BFD472 /* Resources */ = {
			isa = PBXResourcesBuildPhase;
			buildActionMask = 2147483647;
			files = (
				EE00000000000000000003 /* Recipes in Resources */,
			);
			runOnlyForDeploymentPostprocessing = 0;
		};
/* End PBXResourcesBuildPhase section */

/* Begin PBXShellScriptBuildPhase section */
		DD0000000000000000000021 /* Set Build Number from Git Commit Count */ = {
			isa = PBXShellScriptBuildPhase;
			buildActionMask = 2147483647;
			files = (
			);
			inputPaths = (
			);
			name = "Set Build Number from Git Commit Count";
			outputPaths = (
			);
			runOnlyForDeploymentPostprocessing = 0;
			shellPath = /bin/sh;
			shellScript = "buildNumber=$(git -C \"${SRCROOT}\" rev-list --count HEAD)\n/usr/libexec/PlistBuddy -c \"Set :CFBundleVersion ${buildNumber}\" \"${TARGET_BUILD_DIR}/${INFOPLIST_PATH}\"\n";
		};
/* End PBXShellScriptBuildPhase section */

/* Begin PBXSourcesBuildPhase section */
		AA000000000000000000000D /* Sources */ = {
			isa = PBXSourcesBuildPhase;
			buildActionMask = 2147483647;
			files = (
				AA0000000000000000000006 /* UITestSupport.swift in Sources */,
				AA0000000000000000000007 /* RecipeCreationUITests.swift in Sources */,
				AA0000000000000000000008 /* RecipeEditUITests.swift in Sources */,
				AA0000000000000000000014 /* RecipeDataIntegrityUITests.swift in Sources */,
				AA0000000000000000000016 /* RecipeCalculatorUITests.swift in Sources */,
				DD0000000000000000000018 /* RecipeHistoryUITests.swift in Sources */,
			);
			runOnlyForDeploymentPostprocessing = 0;
		};
		BB30DEC82425B83D00BFD472 /* Sources */ = {
			isa = PBXSourcesBuildPhase;
			buildActionMask = 2147483647;
			files = (
				BBD2641E2430820E00DF8987 /* IngredientWithPrefermentListCell.swift in Sources */,
				BBD264352431520500DF8987 /* RecipePredicates.swift in Sources */,
				BBE2FF52243A694B0091A485 /* SetPrefermentViewController.swift in Sources */,
				BB30DED42425B83E00BFD472 /* CalculatorViewController.swift in Sources */,
				BBD264572432E86400DF8987 /* Preferment.swift in Sources */,
				BBC6847C24305A5000CE2157 /* PrefermentListCell.swift in Sources */,
				BB30DEDA2425B83E00BFD472 /* Doughy.xcdatamodeld in Sources */,
				BBD2641A24306F9300DF8987 /* PrefermentCell.swift in Sources */,
				BBD264602432EADA00DF8987 /* IngredientConverter.swift in Sources */,
				BB30DF012425EBA000BFD472 /* AllRecipesTableViewController.swift in Sources */,
				BB6152122425FD06006CB854 /* DefaultRecipeFactory.swift in Sources */,
				BBE2FF4824370C780091A485 /* LibrariesViewController.swift in Sources */,
				BBD264682432F08200DF8987 /* CalculatedPrefermentConverter.swift in Sources */,
				BB30DEFD2425D24900BFD472 /* Calculator.swift in Sources */,
				BBD264202430822D00DF8987 /* IngredientWithPrefermentCellTableViewCell.swift in Sources */,
				BB30DEFA2425C05B00BFD472 /* PercentRow.swift in Sources */,
				BB4AA1A0242821FB002BB9A8 /* InstructionListCell.swift in Sources */,
				BBE2FF42243709E30091A485 /* TitleRow.swift in Sources */,
				BB30DEFF2425E1B700BFD472 /* Measurements.swift in Sources */,
				BBD2643F2431619D00DF8987 /* AddInstructionsViewController.swift in Sources */,
				BBD2642D2431487700DF8987 /* CreateRecipeViewController.swift in Sources */,
				BBD264532432E7FF00DF8987 /* CalculatedRecipe.swift in Sources */,
				BB61521424274B50006CB854 /* ShowCalculatedRecipeBaseViewController.swift in Sources */,
				BBEA0CA72434557300A708C7 /* CalculatedRecipeReader.swift in Sources */,
				BB30DF092425EC3000BFD472 /* Settings.swift in Sources */,
				BB4AA19E24275659002BB9A8 /* CalculatedRecipeCellFactory.swift in Sources */,
				BBD264512432E7A200DF8987 /* CalculatedPreferment.swift in Sources */,
				BBE2FF402436FADB0091A485 /* TemperatureConverter.swift in Sources */,
				BBD26426243139C600DF8987 /* WeightRow.swift in Sources */,
				BB06F1752425F681001A03AD /* CoreDataGateway.swift in Sources */,
				BB45FCF1243444170077C3F8 /* AddInstructionsAltViewController.swift in Sources */,
				BBD264592432E8A400DF8987 /* Recipe.swift in Sources */,
				BBD2642424312FDD00DF8987 /* WeightFormatter.swift in Sources */,
				BB06F1772425FAE6001A03AD /* RecipeReader.swift in Sources */,
				BB70410524344C9500933C08 /* AddStepCell.swift in Sources */,
				BBEA0CA52434554C00A708C7 /* CalculatedRecipeWriter.swift in Sources */,
				BB30DF042425EBE900BFD472 /* RecipeDetailCell.swift in Sources */,
				BB4AA1A224282A66002BB9A8 /* IngredientListCell.swift in Sources */,
				BB30DF062425EC0E00BFD472 /* RecipeViewModel.swift in Sources */,
				BBE2FF3E2436F5380091A485 /* SettingsViewController.swift in Sources */,
				BBD2644E2432E70500DF8987 /* CalculatedIngredient.swift in Sources */,
				BBD264222431241500DF8987 /* PercentFormatter.swift in Sources */,
				BBD264392431536D00DF8987 /* AddNonFlourViewController.swift in Sources */,
				BB45FCF4243444940077C3F8 /* TextViewTableViewCell.swift in Sources */,
				BBEA0CAA2434576200A708C7 /* SavedRecipesTableViewController.swift in Sources */,
				BB06F1732425F5F0001A03AD /* ObjectFactory.swift in Sources */,
				BB30DF0B2425ECFB00BFD472 /* RecipeCollection.swift in Sources */,
				BBD264552432E82300DF8987 /* Instruction.swift in Sources */,
				BBD2642F24314CBE00DF8987 /* RecipeBuilder.swift in Sources */,
				BBD264662432EFA400DF8987 /* CalculatedIngredientConverter.swift in Sources */,
				BBEA0CAC2434580D00A708C7 /* ShowCalculatedRecipeViewController.swift in Sources */,
				BBD2646D24330E0800DF8987 /* DoughyNotifications.swift in Sources */,
				BBD2645C2432E90700DF8987 /* RecipeConverter.swift in Sources */,
				BBE2FF3B2436F1820091A485 /* Temperature.swift in Sources */,
				BBE2FF4A2439497D0091A485 /* AppInfo.swift in Sources */,
				BBD264642432EB5700DF8987 /* PrefermentConverter.swift in Sources */,
				BBD2641C2430704000DF8987 /* IngredientCell.swift in Sources */,
				BBE2FF57243ABFA00091A485 /* WeightSliderRow.swift in Sources */,
				BBD264622432EB4F00DF8987 /* InstructionConverter.swift in Sources */,
				BBD2644F2432E70500DF8987 /* Ingredient.swift in Sources */,
				BBD2642A24313B6E00DF8987 /* TemperatureFormatter.swift in Sources */,
				BBD2643D24315E2900DF8987 /* AddIngredientViewController.swift in Sources */,
				BBD264432431815600DF8987 /* PreviewRecipeViewController.swift in Sources */,
				BBD2643124314CD500DF8987 /* CreateRecipeNavigationController.swift in Sources */,
				BBD264372431536000DF8987 /* AddFlourViewController.swift in Sources */,
				BBD2643324314D6500DF8987 /* AlertViewHelper.swift in Sources */,
				CC1234567890ABCDEF000001 /* RecipeScanner.swift in Sources */,
				CC1234567890ABCDEF000003 /* IngredientConversionStore.swift in Sources */,
				CC1234567890ABCDEF000005 /* VolumeUnitFormatter.swift in Sources */,
				FF0000000000000000000002 /* IngredientDensityStore.swift in Sources */,
				DD0000000000000000000022 /* ExtraIngredientConversion.swift in Sources */,
				FF0000000000000000000004 /* IngredientConversionsView.swift in Sources */,
				BB30DED02425B83E00BFD472 /* AppDelegate.swift in Sources */,
				BBD2642824313A9E00DF8987 /* TemperatureRow.swift in Sources */,
				BB59156E2979247A00903D14 /* Color.swift in Sources */,
				BBE2FF4424370B920091A485 /* EmailFeedbackController.swift in Sources */,
				BBD2646A2432F1E400DF8987 /* CalculatedRecipeConverter.swift in Sources */,
				BB30DED22425B83E00BFD472 /* SceneDelegate.swift in Sources */,
				BBE2FF4624370BF00091A485 /* TemperatureToggleFactory.swift in Sources */,
				BBD2643B2431574200DF8987 /* IngredientsBuilder.swift in Sources */,
				BB30DEF72425BD2900BFD472 /* RecipeWriter.swift in Sources */,
				73D001FFB0DEE3BBDB2BFEF3 /* RecipeStore.swift in Sources */,
				EAB3150D4BD26C22D891FC75 /* RecipeListView.swift in Sources */,
				7D5BAD3319FBC2BBE8A0812A /* CalculatorView.swift in Sources */,
				3FD1800DB04184845AC60A3F /* CalculatedRecipeView.swift in Sources */,
				DDA522364120C5B7AF1238D4 /* CreateRecipeView.swift in Sources */,
				6FFC277DF945E4E8632C1095 /* SettingsView.swift in Sources */,
				DD0000000000000000000002 /* RecipeSnapshot.swift in Sources */,
				DD0000000000000000000004 /* RecipeDiff.swift in Sources */,
				DD0000000000000000000006 /* HistoryEntry.swift in Sources */,
				DD0000000000000000000008 /* HistoryEntryConverter.swift in Sources */,
				DD0000000000000000000010 /* CalculatorOverrides.swift in Sources */,
				DD0000000000000000000012 /* HistoryWriter.swift in Sources */,
				DD0000000000000000000014 /* RecipeHistoryView.swift in Sources */,
			);
			runOnlyForDeploymentPostprocessing = 0;
		};
		BB30DEE12425B83F00BFD472 /* Sources */ = {
			isa = PBXSourcesBuildPhase;
			buildActionMask = 2147483647;
			files = (
				BB30DEEA2425B83F00BFD472 /* Recipe_HelperTests.swift in Sources */,
				EE00000000000000000001 /* RecipeScannerTests.swift in Sources */,
				DD0000000000000000000016 /* RecipeDiffTests.swift in Sources */,
				DD0000000000000000000020 /* CoreDataMigrationTests.swift in Sources */,
			);
			runOnlyForDeploymentPostprocessing = 0;
		};
/* End PBXSourcesBuildPhase section */

/* Begin PBXTargetDependency section */
		AA000000000000000000000C /* PBXTargetDependency */ = {
			isa = PBXTargetDependency;
			target = BB30DECB2425B83D00BFD472 /* Doughy */;
			targetProxy = AA000000000000000000000B /* PBXContainerItemProxy */;
		};
		BB30DEE72425B83F00BFD472 /* PBXTargetDependency */ = {
			isa = PBXTargetDependency;
			target = BB30DECB2425B83D00BFD472 /* Doughy */;
			targetProxy = BB30DEE62425B83F00BFD472 /* PBXContainerItemProxy */;
		};
/* End PBXTargetDependency section */

/* Begin PBXVariantGroup section */
		BB30DED52425B83E00BFD472 /* Main.storyboard */ = {
			isa = PBXVariantGroup;
			children = (
				BB30DED62425B83E00BFD472 /* Base */,
			);
			name = Main.storyboard;
			sourceTree = "<group>";
		};
		BB30DEDD2425B83F00BFD472 /* LaunchScreen.storyboard */ = {
			isa = PBXVariantGroup;
			children = (
				BB30DEDE2425B83F00BFD472 /* Base */,
			);
			name = LaunchScreen.storyboard;
			sourceTree = "<group>";
		};
/* End PBXVariantGroup section */

/* Begin XCBuildConfiguration section */
		AA0000000000000000000010 /* Debug */ = {
			isa = XCBuildConfiguration;
			buildSettings = {
				ALWAYS_EMBED_SWIFT_STANDARD_LIBRARIES = YES;
				CODE_SIGN_STYLE = Automatic;
				DEVELOPMENT_TEAM = 66KJD3WYAH;
				INFOPLIST_FILE = "Doughy UI Tests/Info.plist";
				IPHONEOS_DEPLOYMENT_TARGET = 18.0;
				LD_RUNPATH_SEARCH_PATHS = (
					"$(inherited)",
					"@executable_path/Frameworks",
					"@loader_path/Frameworks",
				);
				PRODUCT_BUNDLE_IDENTIFIER = "org.georgie.Doughy-UI-Tests";
				PRODUCT_NAME = "$(TARGET_NAME)";
				SWIFT_VERSION = 5.0;
				TARGETED_DEVICE_FAMILY = "1,2";
				TEST_TARGET_NAME = Doughy;
			};
			name = Debug;
		};
		AA0000000000000000000011 /* Release */ = {
			isa = XCBuildConfiguration;
			buildSettings = {
				ALWAYS_EMBED_SWIFT_STANDARD_LIBRARIES = YES;
				CODE_SIGN_STYLE = Automatic;
				DEVELOPMENT_TEAM = 66KJD3WYAH;
				INFOPLIST_FILE = "Doughy UI Tests/Info.plist";
				IPHONEOS_DEPLOYMENT_TARGET = 18.0;
				LD_RUNPATH_SEARCH_PATHS = (
					"$(inherited)",
					"@executable_path/Frameworks",
					"@loader_path/Frameworks",
				);
				PRODUCT_BUNDLE_IDENTIFIER = "org.georgie.Doughy-UI-Tests";
				PRODUCT_NAME = "$(TARGET_NAME)";
				SWIFT_VERSION = 5.0;
				TARGETED_DEVICE_FAMILY = "1,2";
				TEST_TARGET_NAME = Doughy;
			};
			name = Release;
		};
		BB30DEEC2425B83F00BFD472 /* Debug */ = {
			isa = XCBuildConfiguration;
			buildSettings = {
				ALWAYS_SEARCH_USER_PATHS = NO;
				CLANG_ANALYZER_NONNULL = YES;
				CLANG_ANALYZER_NUMBER_OBJECT_CONVERSION = YES_AGGRESSIVE;
				CLANG_CXX_LANGUAGE_STANDARD = "gnu++14";
				CLANG_CXX_LIBRARY = "libc++";
				CLANG_ENABLE_MODULES = YES;
				CLANG_ENABLE_OBJC_ARC = YES;
				CLANG_ENABLE_OBJC_WEAK = YES;
				CLANG_WARN_BLOCK_CAPTURE_AUTORELEASING = YES;
				CLANG_WARN_BOOL_CONVERSION = YES;
				CLANG_WARN_COMMA = YES;
				CLANG_WARN_CONSTANT_CONVERSION = YES;
				CLANG_WARN_DEPRECATED_OBJC_IMPLEMENTATIONS = YES;
				CLANG_WARN_DIRECT_OBJC_ISA_USAGE = YES_ERROR;
				CLANG_WARN_DOCUMENTATION_COMMENTS = YES;
				CLANG_WARN_EMPTY_BODY = YES;
				CLANG_WARN_ENUM_CONVERSION = YES;
				CLANG_WARN_INFINITE_RECURSION = YES;
				CLANG_WARN_INT_CONVERSION = YES;
				CLANG_WARN_NON_LITERAL_NULL_CONVERSION = YES;
				CLANG_WARN_OBJC_IMPLICIT_RETAIN_SELF = YES;
				CLANG_WARN_OBJC_LITERAL_CONVERSION = YES;
				CLANG_WARN_OBJC_ROOT_CLASS = YES_ERROR;
				CLANG_WARN_QUOTED_INCLUDE_IN_FRAMEWORK_HEADER = YES;
				CLANG_WARN_RANGE_LOOP_ANALYSIS = YES;
				CLANG_WARN_STRICT_PROTOTYPES = YES;
				CLANG_WARN_SUSPICIOUS_MOVE = YES;
				CLANG_WARN_UNGUARDED_AVAILABILITY = YES_AGGRESSIVE;
				CLANG_WARN_UNREACHABLE_CODE = YES;
				CLANG_WARN__DUPLICATE_METHOD_MATCH = YES;
				COPY_PHASE_STRIP = NO;
				DEBUG_INFORMATION_FORMAT = dwarf;
				ENABLE_STRICT_OBJC_MSGSEND = YES;
				ENABLE_TESTABILITY = YES;
				GCC_C_LANGUAGE_STANDARD = gnu11;
				GCC_DYNAMIC_NO_PIC = NO;
				GCC_NO_COMMON_BLOCKS = YES;
				GCC_OPTIMIZATION_LEVEL = 0;
				GCC_PREPROCESSOR_DEFINITIONS = (
					"DEBUG=1",
					"$(inherited)",
				);
				GCC_WARN_64_TO_32_BIT_CONVERSION = YES;
				GCC_WARN_ABOUT_RETURN_TYPE = YES_ERROR;
				GCC_WARN_UNDECLARED_SELECTOR = YES;
				GCC_WARN_UNINITIALIZED_AUTOS = YES_AGGRESSIVE;
				GCC_WARN_UNUSED_FUNCTION = YES;
				GCC_WARN_UNUSED_VARIABLE = YES;
				IPHONEOS_DEPLOYMENT_TARGET = 18.0;
				MTL_ENABLE_DEBUG_INFO = INCLUDE_SOURCE;
				MTL_FAST_MATH = YES;
				ONLY_ACTIVE_ARCH = YES;
				SDKROOT = iphoneos;
				SWIFT_ACTIVE_COMPILATION_CONDITIONS = DEBUG;
				SWIFT_OPTIMIZATION_LEVEL = "-Onone";
			};
			name = Debug;
		};
		BB30DEED2425B83F00BFD472 /* Release */ = {
			isa = XCBuildConfiguration;
			buildSettings = {
				ALWAYS_SEARCH_USER_PATHS = NO;
				CLANG_ANALYZER_NONNULL = YES;
				CLANG_ANALYZER_NUMBER_OBJECT_CONVERSION = YES_AGGRESSIVE;
				CLANG_CXX_LANGUAGE_STANDARD = "gnu++14";
				CLANG_CXX_LIBRARY = "libc++";
				CLANG_ENABLE_MODULES = YES;
				CLANG_ENABLE_OBJC_ARC = YES;
				CLANG_ENABLE_OBJC_WEAK = YES;
				CLANG_WARN_BLOCK_CAPTURE_AUTORELEASING = YES;
				CLANG_WARN_BOOL_CONVERSION = YES;
				CLANG_WARN_COMMA = YES;
				CLANG_WARN_CONSTANT_CONVERSION = YES;
				CLANG_WARN_DEPRECATED_OBJC_IMPLEMENTATIONS = YES;
				CLANG_WARN_DIRECT_OBJC_ISA_USAGE = YES_ERROR;
				CLANG_WARN_DOCUMENTATION_COMMENTS = YES;
				CLANG_WARN_EMPTY_BODY = YES;
				CLANG_WARN_ENUM_CONVERSION = YES;
				CLANG_WARN_INFINITE_RECURSION = YES;
				CLANG_WARN_INT_CONVERSION = YES;
				CLANG_WARN_NON_LITERAL_NULL_CONVERSION = YES;
				CLANG_WARN_OBJC_IMPLICIT_RETAIN_SELF = YES;
				CLANG_WARN_OBJC_LITERAL_CONVERSION = YES;
				CLANG_WARN_OBJC_ROOT_CLASS = YES_ERROR;
				CLANG_WARN_QUOTED_INCLUDE_IN_FRAMEWORK_HEADER = YES;
				CLANG_WARN_RANGE_LOOP_ANALYSIS = YES;
				CLANG_WARN_STRICT_PROTOTYPES = YES;
				CLANG_WARN_SUSPICIOUS_MOVE = YES;
				CLANG_WARN_UNGUARDED_AVAILABILITY = YES_AGGRESSIVE;
				CLANG_WARN_UNREACHABLE_CODE = YES;
				CLANG_WARN__DUPLICATE_METHOD_MATCH = YES;
				COPY_PHASE_STRIP = NO;
				DEBUG_INFORMATION_FORMAT = "dwarf-with-dsym";
				ENABLE_NS_ASSERTIONS = NO;
				ENABLE_STRICT_OBJC_MSGSEND = YES;
				GCC_C_LANGUAGE_STANDARD = gnu11;
				GCC_NO_COMMON_BLOCKS = YES;
				GCC_WARN_64_TO_32_BIT_CONVERSION = YES;
				GCC_WARN_ABOUT_RETURN_TYPE = YES_ERROR;
				GCC_WARN_UNDECLARED_SELECTOR = YES;
				GCC_WARN_UNINITIALIZED_AUTOS = YES_AGGRESSIVE;
				GCC_WARN_UNUSED_FUNCTION = YES;
				GCC_WARN_UNUSED_VARIABLE = YES;
				IPHONEOS_DEPLOYMENT_TARGET = 18.0;
				MTL_ENABLE_DEBUG_INFO = NO;
				MTL_FAST_MATH = YES;
				SDKROOT = iphoneos;
				SWIFT_COMPILATION_MODE = wholemodule;
				SWIFT_OPTIMIZATION_LEVEL = "-O";
				VALIDATE_PRODUCT = YES;
			};
			name = Release;
		};
		BB30DEEF2425B83F00BFD472 /* Debug */ = {
			isa = XCBuildConfiguration;
			buildSettings = {
				ASSETCATALOG_COMPILER_APPICON_NAME = AppIcon;
				CODE_SIGN_ENTITLEMENTS = Doughy/Doughy.entitlements;
				CODE_SIGN_STYLE = Automatic;
				DEVELOPMENT_TEAM = RU9TPSC3GX;
				INFOPLIST_FILE = Doughy/Info.plist;
				IPHONEOS_DEPLOYMENT_TARGET = 18.0;
				LD_RUNPATH_SEARCH_PATHS = (
					"$(inherited)",
					"@executable_path/Frameworks",
				);
				PRODUCT_BUNDLE_IDENTIFIER = org.georgie.Doughy;
				PRODUCT_NAME = Doughy;
				SWIFT_VERSION = 5.0;
				TARGETED_DEVICE_FAMILY = "1,2";
			};
			name = Debug;
		};
		BB30DEF02425B83F00BFD472 /* Release */ = {
			isa = XCBuildConfiguration;
			buildSettings = {
				ASSETCATALOG_COMPILER_APPICON_NAME = AppIcon;
				CODE_SIGN_ENTITLEMENTS = Doughy/Doughy.entitlements;
				CODE_SIGN_STYLE = Automatic;
				DEVELOPMENT_TEAM = RU9TPSC3GX;
				INFOPLIST_FILE = Doughy/Info.plist;
				IPHONEOS_DEPLOYMENT_TARGET = 18.0;
				LD_RUNPATH_SEARCH_PATHS = (
					"$(inherited)",
					"@executable_path/Frameworks",
				);
				PRODUCT_BUNDLE_IDENTIFIER = org.georgie.Doughy;
				PRODUCT_NAME = Doughy;
				SWIFT_VERSION = 5.0;
				TARGETED_DEVICE_FAMILY = "1,2";
			};
			name = Release;
		};
		BB30DEF22425B83F00BFD472 /* Debug */ = {
			isa = XCBuildConfiguration;
			buildSettings = {
				ALWAYS_EMBED_SWIFT_STANDARD_LIBRARIES = YES;
				BUNDLE_LOADER = "$(TEST_HOST)";
				CODE_SIGN_STYLE = Automatic;
				DEVELOPMENT_TEAM = 66KJD3WYAH;
				INFOPLIST_FILE = "Doughy Tests/Info.plist";
				IPHONEOS_DEPLOYMENT_TARGET = 18.0;
				LD_RUNPATH_SEARCH_PATHS = (
					"$(inherited)",
					"@executable_path/Frameworks",
					"@loader_path/Frameworks",
				);
				PRODUCT_BUNDLE_IDENTIFIER = "org.georgie.Doughy Tests";
				PRODUCT_NAME = "$(TARGET_NAME)";
				SWIFT_VERSION = 5.0;
				TARGETED_DEVICE_FAMILY = "1,2";
				TEST_HOST = "$(BUILT_PRODUCTS_DIR)/Doughy.app/Doughy";
			};
			name = Debug;
		};
		BB30DEF32425B83F00BFD472 /* Release */ = {
			isa = XCBuildConfiguration;
			buildSettings = {
				ALWAYS_EMBED_SWIFT_STANDARD_LIBRARIES = YES;
				BUNDLE_LOADER = "$(TEST_HOST)";
				CODE_SIGN_STYLE = Automatic;
				DEVELOPMENT_TEAM = 66KJD3WYAH;
				INFOPLIST_FILE = "Doughy Tests/Info.plist";
				IPHONEOS_DEPLOYMENT_TARGET = 18.0;
				LD_RUNPATH_SEARCH_PATHS = (
					"$(inherited)",
					"@executable_path/Frameworks",
					"@loader_path/Frameworks",
				);
				PRODUCT_BUNDLE_IDENTIFIER = "org.georgie.Doughy Tests";
				PRODUCT_NAME = "$(TARGET_NAME)";
				SWIFT_VERSION = 5.0;
				TARGETED_DEVICE_FAMILY = "1,2";
				TEST_HOST = "$(BUILT_PRODUCTS_DIR)/Doughy.app/Doughy";
			};
			name = Release;
		};
/* End XCBuildConfiguration section */

/* Begin XCConfigurationList section */
		AA0000000000000000000012 /* Build configuration list for PBXNativeTarget "Doughy UI Tests" */ = {
			isa = XCConfigurationList;
			buildConfigurations = (
				AA0000000000000000000010 /* Debug */,
				AA0000000000000000000011 /* Release */,
			);
			defaultConfigurationIsVisible = 0;
			defaultConfigurationName = Release;
		};
		BB30DEC72425B83D00BFD472 /* Build configuration list for PBXProject "Doughy" */ = {
			isa = XCConfigurationList;
			buildConfigurations = (
				BB30DEEC2425B83F00BFD472 /* Debug */,
				BB30DEED2425B83F00BFD472 /* Release */,
			);
			defaultConfigurationIsVisible = 0;
			defaultConfigurationName = Release;
		};
		BB30DEEE2425B83F00BFD472 /* Build configuration list for PBXNativeTarget "Doughy" */ = {
			isa = XCConfigurationList;
			buildConfigurations = (
				BB30DEEF2425B83F00BFD472 /* Debug */,
				BB30DEF02425B83F00BFD472 /* Release */,
			);
			defaultConfigurationIsVisible = 0;
			defaultConfigurationName = Release;
		};
		BB30DEF12425B83F00BFD472 /* Build configuration list for PBXNativeTarget "Doughy Tests" */ = {
			isa = XCConfigurationList;
			buildConfigurations = (
				BB30DEF22425B83F00BFD472 /* Debug */,
				BB30DEF32425B83F00BFD472 /* Release */,
			);
			defaultConfigurationIsVisible = 0;
			defaultConfigurationName = Release;
		};
/* End XCConfigurationList section */

/* Begin XCVersionGroup section */
		BB30DED82425B83E00BFD472 /* Doughy.xcdatamodeld */ = {
			isa = XCVersionGroup;
			children = (
				BB30DED92425B83E00BFD472 /* Recipe_Helper.xcdatamodel */,
			);
			currentVersion = BB30DED92425B83E00BFD472 /* Recipe_Helper.xcdatamodel */;
			path = Doughy.xcdatamodeld;
			sourceTree = "<group>";
			versionGroupType = wrapper.xcdatamodel;
		};
/* End XCVersionGroup section */
	};
	rootObject = BB30DEC42425B83D00BFD472 /* Project object */;
}
